
Microsoft Visual Studio Solution File, Format Version 12.00
# Visual Studio Version 17
VisualStudioVersion = 17.2.32630.192
MinimumVisualStudioVersion = 10.0.40219.1
Project("{9A19103F-16F7-4668-BE54-9A1E7A4F7556}") = "KneeFix", "KneeFix.csproj", "{EF74B9F3-3891-4884-A8E1-B1BEE38E1803}"
EndProject
Global
	GlobalSection(SolutionConfigurationPlatforms) = preSolution
		Debug|Any CPU = Debug|Any CPU
		Release|Any CPU = Release|Any CPU
	EndGlobalSection
	GlobalSection(ProjectConfigurationPlatforms) = postSolution
		{EF74B9F3-3891-4884-A8E1-B1BEE38E1803}.Debug|Any CPU.ActiveCfg = Debug|Any CPU
		{EF74B9F3-3891-4884-A8E1-B1BEE38E1803}.Debug|Any CPU.Build.0 = Debug|Any CPU
		{EF74B9F3-3891-4884-A8E1-B1BEE38E1803}.Release|Any CPU.ActiveCfg = Release|Any CPU
		{EF74B9F3-3891-4884-A8E1-B1BEE38E1803}.Release|Any CPU.Build.0 = Release|Any CPU
	EndGlobalSection
	GlobalSection(SolutionProperties) = preSolution
		HideSolutionNode = FALSE
	EndGlobalSection
	GlobalSection(ExtensibilityGlobals) = postSolution
		SolutionGuid = {57B73DF6-AE94-4453-AE6D-CC87E6DE9B97}
	EndGlobalSection
EndGlobal
