
Microsoft Visual Studio Solution File, Format Version 12.00
# Visual Studio Version 17
VisualStudioVersion = 17.2.32630.192
MinimumVisualStudioVersion = 10.0.40219.1
Project("{9A19103F-16F7-4668-BE54-9A1E7A4F7556}") = "GestureLock", "GestureLock.csproj", "{B318B038-DA12-4960-A35E-613BE26B7965}"
EndProject
Global
	GlobalSection(SolutionConfigurationPlatforms) = preSolution
		Debug|Any CPU = Debug|Any CPU
		Release|Any CPU = Release|Any CPU
	EndGlobalSection
	GlobalSection(ProjectConfigurationPlatforms) = postSolution
		{B318B038-DA12-4960-A35E-613BE26B7965}.Debug|Any CPU.ActiveCfg = Debug|Any CPU
		{B318B038-DA12-4960-A35E-613BE26B7965}.Debug|Any CPU.Build.0 = Debug|Any CPU
		{B318B038-DA12-4960-A35E-613BE26B7965}.Release|Any CPU.ActiveCfg = Release|Any CPU
		{B318B038-DA12-4960-A35E-613BE26B7965}.Release|Any CPU.Build.0 = Release|Any CPU
	EndGlobalSection
	GlobalSection(SolutionProperties) = preSolution
		HideSolutionNode = FALSE
	EndGlobalSection
	GlobalSection(ExtensibilityGlobals) = postSolution
		SolutionGuid = {0ABE9CFE-D4F5-4B5B-9D1A-5D0B1DA7E2CD}
	EndGlobalSection
EndGlobal
