
Microsoft Visual Studio Solution File, Format Version 12.00
# Visual Studio Version 17
VisualStudioVersion = 17.2.32630.192
MinimumVisualStudioVersion = 10.0.40219.1
EndProject
EndProject
EndProject
Project("{9A19103F-16F7-4668-BE54-9A1E7A4F7556}") = "PathCamDisabler", "PathCamDisabler\PathCamDisabler.csproj", "{98169FD2-5CEB-46D1-A320-D7E06F82C9E0}"
EndProject
Project("{9A19103F-16F7-4668-BE54-9A1E7A4F7556}") = "PortableCameraAdditions", "PortableCameraAdditions\PortableCameraAdditions.csproj", "{C4DAFE9D-C79B-4417-9B7D-B7327999DA4C}"
EndProject
Project("{9A19103F-16F7-4668-BE54-9A1E7A4F7556}") = "PropUndoButton", "PropUndoButton\PropUndoButton.csproj", "{FBFDB717-F81E-4C06-ACF9-A0F3FFDCDE00}"
EndProject
Project("{9A19103F-16F7-4668-BE54-9A1E7A4F7556}") = "ThirdPerson", "ThirdPerson\ThirdPerson.csproj", "{675CEC0E-3E8A-4970-98EA-9B79277A7252}"
EndProject
EndProject
EndProject
EndProject
EndProject
Project("{FAE04EC0-301F-11D3-BF4B-00C04F79EFBC}") = "RelativeSyncJitterFix", "RelativeSyncJitterFix\RelativeSyncJitterFix.csproj", "{B48C8F19-9451-4EE2-999F-82C0033CDE2C}"
EndProject
EndProject
EndProject
EndProject
Project("{FAE04EC0-301F-11D3-BF4B-00C04F79EFBC}") = "ScrollFlight", "ScrollFlight\ScrollFlight.csproj", "{1B5D7DCB-01A4-4988-8B25-211948AEED76}"
EndProject
Project("{FAE04EC0-301F-11D3-BF4B-00C04F79EFBC}") = "PropLoadingHexagon", "PropLoadingHexagon\PropLoadingHexagon.csproj", "{642A2BC7-C027-4F8F-969C-EF0F867936FD}"
EndProject
EndProject
EndProject
EndProject
Project("{FAE04EC0-301F-11D3-BF4B-00C04F79EFBC}") = "ASTExtension", "ASTExtension\ASTExtension.csproj", "{6580AA87-6A95-438E-A5D3-70E583CCD77B}"
EndProject
Project("{FAE04EC0-301F-11D3-BF4B-00C04F79EFBC}") = "AvatarQueueSystemTweaks", "AvatarQueueSystemTweaks\AvatarQueueSystemTweaks.csproj", "{D178E422-283B-4FB3-89A6-AA4FB9F87E2F}"
EndProject
Project("{FAE04EC0-301F-11D3-BF4B-00C04F79EFBC}") = "CustomSpawnPoint", "CustomSpawnPoint\CustomSpawnPoint.csproj", "{51CA34CA-7684-4819-AC9E-89DFAD63E9AB}"
EndProject
Project("{FAE04EC0-301F-11D3-BF4B-00C04F79EFBC}") = "Stickers", "Stickers\Stickers.csproj", "{E5F54B3E-A676-4DD5-A6DB-73AFA54BEC5E}"
EndProject
EndProject
EndProject
Project("{FAE04EC0-301F-11D3-BF4B-00C04F79EFBC}") = "SmootherRay", "SmootherRay\SmootherRay.csproj", "{99F9D60D-9A2D-4DBE-AA52-13D8A0838696}"
EndProject
EndProject
EndProject
Project("{FAE04EC0-301F-11D3-BF4B-00C04F79EFBC}") = "ShareBubbles", "ShareBubbles\ShareBubbles.csproj", "{ADD6205B-67A4-4BA8-8BED-DF7D0E857A6A}"
EndProject
EndProject
EndProject
Project("{FAE04EC0-301F-11D3-BF4B-00C04F79EFBC}") = "RCCVirtualSteeringWheel", "RCCVirtualSteeringWheel\RCCVirtualSteeringWheel.csproj", "{4A378F81-3805-41E8-9565-A8A89A8C00D6}"
EndProject
Project("{FAE04EC0-301F-11D3-BF4B-00C04F79EFBC}") = "YouAreMyPropNowWeAreHavingSoftTacosLater", "YouAreMyPropNowWeAreHavingSoftTacosLater\YouAreMyPropNowWeAreHavingSoftTacosLater.csproj", "{8DA821CC-F911-4FCB-8C29-5EF3D76A5F76}"
EndProject
Project("{FAE04EC0-301F-11D3-BF4B-00C04F79EFBC}") = "DoubleTapJumpToExitSeat", "DoubleTapJumpToExitSeat\DoubleTapJumpToExitSeat.csproj", "{36BF2B8B-F444-4886-AA4C-0EDF7540F1CE}"
EndProject
Project("{FAE04EC0-301F-11D3-BF4B-00C04F79EFBC}") = "FuckToes", "FuckToes\FuckToes.csproj", "{751E4140-2F4D-4550-A4A9-65ABA9F7893A}"
EndProject
Project("{FAE04EC0-301F-11D3-BF4B-00C04F79EFBC}") = "LuaNetworkVariables", ".Experimental\LuaNetworkVariables\LuaNetworkVariables.csproj", "{6E7857D9-07AC-419F-B111-0DB0348D1C92}"
EndProject
Project("{FAE04EC0-301F-11D3-BF4B-00C04F79EFBC}") = "TouchySquishy", ".Blackbox\TouchySquishy\TouchySquishy.csproj", "{FF4BF0E7-698D-49A0-96E9-0E2646FEAFFA}"
EndProject
Project("{FAE04EC0-301F-11D3-BF4B-00C04F79EFBC}") = "ConfigureCalibrationPose", "ConfigureCalibrationPose\ConfigureCalibrationPose.csproj", "{31667A36-D069-4708-9DCA-E3446009941B}"
EndProject
Project("{FAE04EC0-301F-11D3-BF4B-00C04F79EFBC}") = "SuperAwesomeMod", ".Deprecated\SuperAwesomeMod\SuperAwesomeMod.csproj", "{11417BE7-7C4F-40D9-9FCB-467C7B3DCF66}"
EndProject
Project("{FAE04EC0-301F-11D3-BF4B-00C04F79EFBC}") = "OriginShift", ".Experimental\OriginShift\OriginShift.csproj", "{A891F616-D163-4B1D-99E4-17C49810D3E4}"
EndProject
Project("{FAE04EC0-301F-11D3-BF4B-00C04F79EFBC}") = "ChatBubbles", "ChatBubbles\ChatBubbles.csproj", "{6981A299-1743-4342-9F20-B8FC0263C54D}"
EndProject
Project("{FAE04EC0-301F-11D3-BF4B-00C04F79EFBC}") = "InDepthLogging", ".Blackbox\InDepthLogging\InDepthLogging.csproj", "{544C21EF-51EF-4947-BBED-26A6794A71D7}"
EndProject
Project("{FAE04EC0-301F-11D3-BF4B-00C04F79EFBC}") = "FuckCameras", "FuckCameras\FuckCameras.csproj", "{D2B53F5A-9D6A-4402-B7FD-83BB1503D395}"
EndProject
Project("{FAE04EC0-301F-11D3-BF4B-00C04F79EFBC}") = "FuckCohtml2", "FuckCohtml2\FuckCohtml2.csproj", "{F1CCF5D2-EA11-4FE8-A5E2-A92655245893}"
EndProject
Project("{FAE04EC0-301F-11D3-BF4B-00C04F79EFBC}") = "MisatyanEffector", "MisatyanEffector\MisatyanEffector.csproj", "{0EA59927-C46A-43DE-9E16-ED64EC1F4FB5}"
EndProject
Project("{FAE04EC0-301F-11D3-BF4B-00C04F79EFBC}") = "DummyMenu", "DummyMenu\DummyMenu.csproj", "{DDCEE1C8-80EE-4DFF-84F2-6CE67D02AC22}"
EndProject
Project("{FAE04EC0-301F-11D3-BF4B-00C04F79EFBC}") = "Tinyboard", "Tinyboard\Tinyboard.csproj", "{3678F633-47DD-443B-8A6B-0CF33F45097F}"
EndProject
Project("{FAE04EC0-301F-11D3-BF4B-00C04F79EFBC}") = "FuckOffUICamera", "FuckOffUICamera\FuckOffUICamera.csproj", "{FAF20A58-1CA6-4543-A8FB-70085F31EFDF}"
EndProject
Project("{FAE04EC0-301F-11D3-BF4B-00C04F79EFBC}") = "IFUCKINGHATECAMERAS", "IFUCKINGHATECAMERAS\IFUCKINGHATECAMERAS.csproj", "{2878A29C-E40F-4A1D-A0A3-678742D3814F}"
EndProject
Project("{FAE04EC0-301F-11D3-BF4B-00C04F79EFBC}") = "ApiSwitcher", ".Blackbox\ApiSwitcher\ApiSwitcher.csproj", "{BBDFF009-CD61-4345-AE16-01B18B5F8073}"
EndProject
Project("{2150E333-8FDC-42A3-9474-1A3956D46DE8}") = "Blackbox", "Blackbox", "{FF8CA700-BB6F-45FD-AEB6-CCAEACE50B0F}"
EndProject
Project("{FAE04EC0-301F-11D3-BF4B-00C04F79EFBC}") = "BufferParticleFixer", "BufferParticleFixer\BufferParticleFixer.csproj", "{46E47494-A96A-4138-BA3E-3A9A012C518A}"
EndProject
Project("{FAE04EC0-301F-11D3-BF4B-00C04F79EFBC}") = "ShowPlayerInSelfMirror", "ShowPlayerInSelfMirror\ShowPlayerInSelfMirror.csproj", "{33435863-4366-438B-9524-354D61E06806}"
EndProject
Project("{FAE04EC0-301F-11D3-BF4B-00C04F79EFBC}") = "ChatBoxTweaks", "ChatBoxTweaks\ChatBoxTweaks.csproj", "{661119FB-B83B-4C48-8810-48293C6D7661}"
EndProject
Project("{FAE04EC0-301F-11D3-BF4B-00C04F79EFBC}") = "ControlToUnlockEyes", "ControlToUnlockEyes\ControlToUnlockEyes.csproj", "{42C051F5-8DF6-4335-83F9-43A732595C05}"
EndProject
Project("{FAE04EC0-301F-11D3-BF4B-00C04F79EFBC}") = "AccountSwitcher", ".Blackbox\AccountSwitcher\AccountSwitcher.csproj", "{CB20A400-51AC-456E-B261-3F6804EA6314}"
EndProject
Project("{FAE04EC0-301F-11D3-BF4B-00C04F79EFBC}") = "RConHelper", ".Blackbox\RConHelper\RConHelper.csproj", "{E3950FB3-C4BD-4320-89F9-331C93781FBB}"
EndProject
Project("{FAE04EC0-301F-11D3-BF4B-00C04F79EFBC}") = "ByeByePerformanceThankYouAMD", "ByeByePerformanceThankYouAMD\ByeByePerformanceThankYouAMD.csproj", "{B9B67099-777A-4686-AE01-455B101B3B36}"
EndProject
Project("{FAE04EC0-301F-11D3-BF4B-00C04F79EFBC}") = "CVRGizmos", ".Deprecated\CVRGizmos\CVRGizmos.csproj", "{77FF7FA8-EBC2-4400-B7FF-3A5F7DBFAEAE}"
EndProject
Project("{FAE04EC0-301F-11D3-BF4B-00C04F79EFBC}") = "CVRPersonalMirror", ".Blackbox\CVRPersonalMirror\CVRPersonalMirror.csproj", "{A19BF0EC-70C3-49D0-B278-02807669F240}"
EndProject
Project("{FAE04EC0-301F-11D3-BF4B-00C04F79EFBC}") = "PlayableNetIk", ".Blackbox\PlayableNetIk\PlayableNetIk.csproj", "{7CE6B276-A25C-4B7B-B99D-AD52C6B48E5B}"
EndProject
Project("{2150E333-8FDC-42A3-9474-1A3956D46DE8}") = "Experimental", "Experimental", "{B8FAD767-CB47-4112-8AFC-8620A51B946A}"
EndProject
Project("{FAE04EC0-301F-11D3-BF4B-00C04F79EFBC}") = "PlapPlapForAll", ".Experimental\PlapPlapForAll\PlapPlapForAll.csproj", "{1DE6CF9F-996E-459B-9129-D76245001F5F}"
EndProject
Project("{FAE04EC0-301F-11D3-BF4B-00C04F79EFBC}") = "PlapPlapForAll", "PlapPlapForAll\PlapPlapForAll.csproj", "{B467F55B-55C4-44E7-83EF-E6ABC9225A90}"
EndProject
EndProject
EndProject
EndProject
EndProject
EndProject
EndProject
EndProject
EndProject
EndProject
Global
	GlobalSection(SolutionConfigurationPlatforms) = preSolution
		Debug|Any CPU = Debug|Any CPU
		Release|Any CPU = Release|Any CPU
	EndGlobalSection
	GlobalSection(ProjectConfigurationPlatforms) = postSolution
		{CF9BC79E-4FB6-429A-8C19-DF31F040BD4A}.Debug|Any CPU.ActiveCfg = Debug|Any CPU
		{CF9BC79E-4FB6-429A-8C19-DF31F040BD4A}.Debug|Any CPU.Build.0 = Debug|Any CPU
		{CF9BC79E-4FB6-429A-8C19-DF31F040BD4A}.Release|Any CPU.ActiveCfg = Release|Any CPU
		{CF9BC79E-4FB6-429A-8C19-DF31F040BD4A}.Release|Any CPU.Build.0 = Release|Any CPU
		{79B2A7C4-348D-4A8E-94D1-BA22FDD5FEED}.Debug|Any CPU.ActiveCfg = Debug|Any CPU
		{79B2A7C4-348D-4A8E-94D1-BA22FDD5FEED}.Debug|Any CPU.Build.0 = Debug|Any CPU
		{79B2A7C4-348D-4A8E-94D1-BA22FDD5FEED}.Release|Any CPU.ActiveCfg = Release|Any CPU
		{79B2A7C4-348D-4A8E-94D1-BA22FDD5FEED}.Release|Any CPU.Build.0 = Release|Any CPU
		{45A65AEB-4BFC-4E47-B181-BBB43BD81283}.Debug|Any CPU.ActiveCfg = Debug|Any CPU
		{45A65AEB-4BFC-4E47-B181-BBB43BD81283}.Debug|Any CPU.Build.0 = Debug|Any CPU
		{45A65AEB-4BFC-4E47-B181-BBB43BD81283}.Release|Any CPU.ActiveCfg = Release|Any CPU
		{45A65AEB-4BFC-4E47-B181-BBB43BD81283}.Release|Any CPU.Build.0 = Release|Any CPU
		{98169FD2-5CEB-46D1-A320-D7E06F82C9E0}.Debug|Any CPU.ActiveCfg = Debug|Any CPU
		{98169FD2-5CEB-46D1-A320-D7E06F82C9E0}.Debug|Any CPU.Build.0 = Debug|Any CPU
		{98169FD2-5CEB-46D1-A320-D7E06F82C9E0}.Release|Any CPU.ActiveCfg = Release|Any CPU
		{98169FD2-5CEB-46D1-A320-D7E06F82C9E0}.Release|Any CPU.Build.0 = Release|Any CPU
		{C4DAFE9D-C79B-4417-9B7D-B7327999DA4C}.Debug|Any CPU.ActiveCfg = Debug|Any CPU
		{C4DAFE9D-C79B-4417-9B7D-B7327999DA4C}.Debug|Any CPU.Build.0 = Debug|Any CPU
		{C4DAFE9D-C79B-4417-9B7D-B7327999DA4C}.Release|Any CPU.ActiveCfg = Release|Any CPU
		{C4DAFE9D-C79B-4417-9B7D-B7327999DA4C}.Release|Any CPU.Build.0 = Release|Any CPU
		{FBFDB717-F81E-4C06-ACF9-A0F3FFDCDE00}.Debug|Any CPU.ActiveCfg = Debug|Any CPU
		{FBFDB717-F81E-4C06-ACF9-A0F3FFDCDE00}.Debug|Any CPU.Build.0 = Debug|Any CPU
		{FBFDB717-F81E-4C06-ACF9-A0F3FFDCDE00}.Release|Any CPU.ActiveCfg = Release|Any CPU
		{FBFDB717-F81E-4C06-ACF9-A0F3FFDCDE00}.Release|Any CPU.Build.0 = Release|Any CPU
		{675CEC0E-3E8A-4970-98EA-9B79277A7252}.Debug|Any CPU.ActiveCfg = Debug|Any CPU
		{675CEC0E-3E8A-4970-98EA-9B79277A7252}.Debug|Any CPU.Build.0 = Debug|Any CPU
		{675CEC0E-3E8A-4970-98EA-9B79277A7252}.Release|Any CPU.ActiveCfg = Release|Any CPU
		{675CEC0E-3E8A-4970-98EA-9B79277A7252}.Release|Any CPU.Build.0 = Release|Any CPU
		{EE552804-30B1-49CF-BBDE-3B312895AFF7}.Debug|Any CPU.ActiveCfg = Debug|Any CPU
		{EE552804-30B1-49CF-BBDE-3B312895AFF7}.Debug|Any CPU.Build.0 = Debug|Any CPU
		{EE552804-30B1-49CF-BBDE-3B312895AFF7}.Release|Any CPU.ActiveCfg = Release|Any CPU
		{EE552804-30B1-49CF-BBDE-3B312895AFF7}.Release|Any CPU.Build.0 = Release|Any CPU
		{0E1DD746-33A1-4179-AE70-8FB83AC40ABC}.Debug|Any CPU.ActiveCfg = Debug|Any CPU
		{0E1DD746-33A1-4179-AE70-8FB83AC40ABC}.Debug|Any CPU.Build.0 = Debug|Any CPU
		{0E1DD746-33A1-4179-AE70-8FB83AC40ABC}.Release|Any CPU.ActiveCfg = Release|Any CPU
		{0E1DD746-33A1-4179-AE70-8FB83AC40ABC}.Release|Any CPU.Build.0 = Release|Any CPU
		{F94DDB73-9041-4F5C-AD43-6960701E8417}.Debug|Any CPU.ActiveCfg = Debug|Any CPU
		{F94DDB73-9041-4F5C-AD43-6960701E8417}.Debug|Any CPU.Build.0 = Debug|Any CPU
		{F94DDB73-9041-4F5C-AD43-6960701E8417}.Release|Any CPU.ActiveCfg = Release|Any CPU
		{F94DDB73-9041-4F5C-AD43-6960701E8417}.Release|Any CPU.Build.0 = Release|Any CPU
		{AC4857DD-F6D9-436D-A3EE-D148A518E642}.Debug|Any CPU.ActiveCfg = Debug|Any CPU
		{AC4857DD-F6D9-436D-A3EE-D148A518E642}.Debug|Any CPU.Build.0 = Debug|Any CPU
		{AC4857DD-F6D9-436D-A3EE-D148A518E642}.Release|Any CPU.ActiveCfg = Release|Any CPU
		{AC4857DD-F6D9-436D-A3EE-D148A518E642}.Release|Any CPU.Build.0 = Release|Any CPU
		{69AF3C10-1BB1-4746-B697-B5A81D78C8D9}.Debug|Any CPU.ActiveCfg = Debug|Any CPU
		{69AF3C10-1BB1-4746-B697-B5A81D78C8D9}.Debug|Any CPU.Build.0 = Debug|Any CPU
		{69AF3C10-1BB1-4746-B697-B5A81D78C8D9}.Release|Any CPU.ActiveCfg = Release|Any CPU
		{69AF3C10-1BB1-4746-B697-B5A81D78C8D9}.Release|Any CPU.Build.0 = Release|Any CPU
		{9FA83514-13F8-412C-9790-C2B750E0E7E7}.Debug|Any CPU.ActiveCfg = Debug|Any CPU
		{9FA83514-13F8-412C-9790-C2B750E0E7E7}.Debug|Any CPU.Build.0 = Debug|Any CPU
		{9FA83514-13F8-412C-9790-C2B750E0E7E7}.Release|Any CPU.ActiveCfg = Release|Any CPU
		{9FA83514-13F8-412C-9790-C2B750E0E7E7}.Release|Any CPU.Build.0 = Release|Any CPU
		{B48C8F19-9451-4EE2-999F-82C0033CDE2C}.Debug|Any CPU.ActiveCfg = Debug|Any CPU
		{B48C8F19-9451-4EE2-999F-82C0033CDE2C}.Debug|Any CPU.Build.0 = Debug|Any CPU
		{B48C8F19-9451-4EE2-999F-82C0033CDE2C}.Release|Any CPU.ActiveCfg = Release|Any CPU
		{B48C8F19-9451-4EE2-999F-82C0033CDE2C}.Release|Any CPU.Build.0 = Release|Any CPU
		{6B4396C7-B451-4FFD-87B6-3ED8377AC308}.Debug|Any CPU.ActiveCfg = Debug|Any CPU
		{6B4396C7-B451-4FFD-87B6-3ED8377AC308}.Debug|Any CPU.Build.0 = Debug|Any CPU
		{6B4396C7-B451-4FFD-87B6-3ED8377AC308}.Release|Any CPU.ActiveCfg = Release|Any CPU
		{6B4396C7-B451-4FFD-87B6-3ED8377AC308}.Release|Any CPU.Build.0 = Release|Any CPU
		{24A069F4-4D69-4ABD-AA16-77765469245B}.Debug|Any CPU.ActiveCfg = Debug|Any CPU
		{24A069F4-4D69-4ABD-AA16-77765469245B}.Debug|Any CPU.Build.0 = Debug|Any CPU
		{24A069F4-4D69-4ABD-AA16-77765469245B}.Release|Any CPU.ActiveCfg = Release|Any CPU
		{24A069F4-4D69-4ABD-AA16-77765469245B}.Release|Any CPU.Build.0 = Release|Any CPU
		{05C427DD-1261-4AAD-B316-A551FC126F2C}.Debug|Any CPU.ActiveCfg = Debug|Any CPU
		{05C427DD-1261-4AAD-B316-A551FC126F2C}.Debug|Any CPU.Build.0 = Debug|Any CPU
		{05C427DD-1261-4AAD-B316-A551FC126F2C}.Release|Any CPU.ActiveCfg = Release|Any CPU
		{05C427DD-1261-4AAD-B316-A551FC126F2C}.Release|Any CPU.Build.0 = Release|Any CPU
		{C6794B18-E785-4F91-A517-3A2A8006E008}.Debug|Any CPU.ActiveCfg = Debug|Any CPU
		{C6794B18-E785-4F91-A517-3A2A8006E008}.Debug|Any CPU.Build.0 = Debug|Any CPU
		{C6794B18-E785-4F91-A517-3A2A8006E008}.Release|Any CPU.ActiveCfg = Release|Any CPU
		{C6794B18-E785-4F91-A517-3A2A8006E008}.Release|Any CPU.Build.0 = Release|Any CPU
		{F381F604-9C16-4870-AD49-4BD7CA3F36DC}.Debug|Any CPU.ActiveCfg = Debug|Any CPU
		{F381F604-9C16-4870-AD49-4BD7CA3F36DC}.Debug|Any CPU.Build.0 = Debug|Any CPU
		{F381F604-9C16-4870-AD49-4BD7CA3F36DC}.Release|Any CPU.ActiveCfg = Release|Any CPU
		{F381F604-9C16-4870-AD49-4BD7CA3F36DC}.Release|Any CPU.Build.0 = Release|Any CPU
		{1B5D7DCB-01A4-4988-8B25-211948AEED76}.Debug|Any CPU.ActiveCfg = Debug|Any CPU
		{1B5D7DCB-01A4-4988-8B25-211948AEED76}.Debug|Any CPU.Build.0 = Debug|Any CPU
		{1B5D7DCB-01A4-4988-8B25-211948AEED76}.Release|Any CPU.ActiveCfg = Release|Any CPU
		{1B5D7DCB-01A4-4988-8B25-211948AEED76}.Release|Any CPU.Build.0 = Release|Any CPU
		{BE9629C2-8461-481C-B267-1B8A1805DCD7}.Debug|Any CPU.ActiveCfg = Debug|Any CPU
		{BE9629C2-8461-481C-B267-1B8A1805DCD7}.Debug|Any CPU.Build.0 = Debug|Any CPU
		{BE9629C2-8461-481C-B267-1B8A1805DCD7}.Release|Any CPU.ActiveCfg = Release|Any CPU
		{BE9629C2-8461-481C-B267-1B8A1805DCD7}.Release|Any CPU.Build.0 = Release|Any CPU
		{642A2BC7-C027-4F8F-969C-EF0F867936FD}.Debug|Any CPU.ActiveCfg = Debug|Any CPU
		{642A2BC7-C027-4F8F-969C-EF0F867936FD}.Debug|Any CPU.Build.0 = Debug|Any CPU
		{642A2BC7-C027-4F8F-969C-EF0F867936FD}.Release|Any CPU.ActiveCfg = Release|Any CPU
		{642A2BC7-C027-4F8F-969C-EF0F867936FD}.Release|Any CPU.Build.0 = Release|Any CPU
		{D11214B0-94FE-4008-8D1B-3DC8614466B3}.Debug|Any CPU.ActiveCfg = Debug|Any CPU
		{D11214B0-94FE-4008-8D1B-3DC8614466B3}.Debug|Any CPU.Build.0 = Debug|Any CPU
		{D11214B0-94FE-4008-8D1B-3DC8614466B3}.Release|Any CPU.ActiveCfg = Release|Any CPU
		{D11214B0-94FE-4008-8D1B-3DC8614466B3}.Release|Any CPU.Build.0 = Release|Any CPU
		{2CC1F7C6-A953-4008-8C10-C7592EB401E8}.Debug|Any CPU.ActiveCfg = Debug|Any CPU
		{2CC1F7C6-A953-4008-8C10-C7592EB401E8}.Debug|Any CPU.Build.0 = Debug|Any CPU
		{2CC1F7C6-A953-4008-8C10-C7592EB401E8}.Release|Any CPU.ActiveCfg = Release|Any CPU
		{2CC1F7C6-A953-4008-8C10-C7592EB401E8}.Release|Any CPU.Build.0 = Release|Any CPU
		{39915C4C-B555-4CB9-890F-26DE1388BC2E}.Debug|Any CPU.ActiveCfg = Debug|Any CPU
		{39915C4C-B555-4CB9-890F-26DE1388BC2E}.Debug|Any CPU.Build.0 = Debug|Any CPU
		{39915C4C-B555-4CB9-890F-26DE1388BC2E}.Release|Any CPU.ActiveCfg = Release|Any CPU
		{39915C4C-B555-4CB9-890F-26DE1388BC2E}.Release|Any CPU.Build.0 = Release|Any CPU
		{7C675E64-0A2D-4B34-B6D1-5D6AA369A520}.Debug|Any CPU.ActiveCfg = Debug|Any CPU
		{7C675E64-0A2D-4B34-B6D1-5D6AA369A520}.Debug|Any CPU.Build.0 = Debug|Any CPU
		{7C675E64-0A2D-4B34-B6D1-5D6AA369A520}.Release|Any CPU.ActiveCfg = Release|Any CPU
		{7C675E64-0A2D-4B34-B6D1-5D6AA369A520}.Release|Any CPU.Build.0 = Release|Any CPU
		{6580AA87-6A95-438E-A5D3-70E583CCD77B}.Debug|Any CPU.ActiveCfg = Debug|Any CPU
		{6580AA87-6A95-438E-A5D3-70E583CCD77B}.Debug|Any CPU.Build.0 = Debug|Any CPU
		{6580AA87-6A95-438E-A5D3-70E583CCD77B}.Release|Any CPU.ActiveCfg = Release|Any CPU
		{6580AA87-6A95-438E-A5D3-70E583CCD77B}.Release|Any CPU.Build.0 = Release|Any CPU
		{D178E422-283B-4FB3-89A6-AA4FB9F87E2F}.Debug|Any CPU.ActiveCfg = Debug|Any CPU
		{D178E422-283B-4FB3-89A6-AA4FB9F87E2F}.Debug|Any CPU.Build.0 = Debug|Any CPU
		{D178E422-283B-4FB3-89A6-AA4FB9F87E2F}.Release|Any CPU.ActiveCfg = Release|Any CPU
		{D178E422-283B-4FB3-89A6-AA4FB9F87E2F}.Release|Any CPU.Build.0 = Release|Any CPU
		{51CA34CA-7684-4819-AC9E-89DFAD63E9AB}.Debug|Any CPU.ActiveCfg = Debug|Any CPU
		{51CA34CA-7684-4819-AC9E-89DFAD63E9AB}.Debug|Any CPU.Build.0 = Debug|Any CPU
		{51CA34CA-7684-4819-AC9E-89DFAD63E9AB}.Release|Any CPU.ActiveCfg = Release|Any CPU
		{51CA34CA-7684-4819-AC9E-89DFAD63E9AB}.Release|Any CPU.Build.0 = Release|Any CPU
		{FE6BA6EC-2C11-49E1-A2FB-13F2A1C9E7F9}.Debug|Any CPU.ActiveCfg = Debug|Any CPU
		{FE6BA6EC-2C11-49E1-A2FB-13F2A1C9E7F9}.Debug|Any CPU.Build.0 = Debug|Any CPU
		{FE6BA6EC-2C11-49E1-A2FB-13F2A1C9E7F9}.Release|Any CPU.ActiveCfg = Release|Any CPU
		{FE6BA6EC-2C11-49E1-A2FB-13F2A1C9E7F9}.Release|Any CPU.Build.0 = Release|Any CPU
		{E5F54B3E-A676-4DD5-A6DB-73AFA54BEC5E}.Debug|Any CPU.ActiveCfg = Debug|Any CPU
		{E5F54B3E-A676-4DD5-A6DB-73AFA54BEC5E}.Debug|Any CPU.Build.0 = Debug|Any CPU
		{E5F54B3E-A676-4DD5-A6DB-73AFA54BEC5E}.Release|Any CPU.ActiveCfg = Release|Any CPU
		{E5F54B3E-A676-4DD5-A6DB-73AFA54BEC5E}.Release|Any CPU.Build.0 = Release|Any CPU
		{3C992D0C-9729-438E-800C-496B7EFFFB25}.Debug|Any CPU.ActiveCfg = Debug|Any CPU
		{3C992D0C-9729-438E-800C-496B7EFFFB25}.Debug|Any CPU.Build.0 = Debug|Any CPU
		{3C992D0C-9729-438E-800C-496B7EFFFB25}.Release|Any CPU.ActiveCfg = Release|Any CPU
		{3C992D0C-9729-438E-800C-496B7EFFFB25}.Release|Any CPU.Build.0 = Release|Any CPU
		{E285BCC9-D953-4066-8FA2-97EA28EB348E}.Debug|Any CPU.ActiveCfg = Debug|Any CPU
		{E285BCC9-D953-4066-8FA2-97EA28EB348E}.Debug|Any CPU.Build.0 = Debug|Any CPU
		{E285BCC9-D953-4066-8FA2-97EA28EB348E}.Release|Any CPU.ActiveCfg = Release|Any CPU
		{E285BCC9-D953-4066-8FA2-97EA28EB348E}.Release|Any CPU.Build.0 = Release|Any CPU
		{A38E687F-8B6B-499E-ABC9-BD95C53DD391}.Debug|Any CPU.ActiveCfg = Debug|Any CPU
		{A38E687F-8B6B-499E-ABC9-BD95C53DD391}.Debug|Any CPU.Build.0 = Debug|Any CPU
		{A38E687F-8B6B-499E-ABC9-BD95C53DD391}.Release|Any CPU.ActiveCfg = Release|Any CPU
		{A38E687F-8B6B-499E-ABC9-BD95C53DD391}.Release|Any CPU.Build.0 = Release|Any CPU
		{99F9D60D-9A2D-4DBE-AA52-13D8A0838696}.Debug|Any CPU.ActiveCfg = Debug|Any CPU
		{99F9D60D-9A2D-4DBE-AA52-13D8A0838696}.Debug|Any CPU.Build.0 = Debug|Any CPU
		{99F9D60D-9A2D-4DBE-AA52-13D8A0838696}.Release|Any CPU.ActiveCfg = Release|Any CPU
		{99F9D60D-9A2D-4DBE-AA52-13D8A0838696}.Release|Any CPU.Build.0 = Release|Any CPU
		{A3D97D1A-3099-49C5-85AD-D8C79CC5FDE3}.Debug|Any CPU.ActiveCfg = Debug|Any CPU
		{A3D97D1A-3099-49C5-85AD-D8C79CC5FDE3}.Debug|Any CPU.Build.0 = Debug|Any CPU
		{A3D97D1A-3099-49C5-85AD-D8C79CC5FDE3}.Release|Any CPU.ActiveCfg = Release|Any CPU
		{A3D97D1A-3099-49C5-85AD-D8C79CC5FDE3}.Release|Any CPU.Build.0 = Release|Any CPU
		{0640B2BF-1EF5-4FFE-A144-0368748FC48B}.Debug|Any CPU.ActiveCfg = Debug|Any CPU
		{0640B2BF-1EF5-4FFE-A144-0368748FC48B}.Debug|Any CPU.Build.0 = Debug|Any CPU
		{0640B2BF-1EF5-4FFE-A144-0368748FC48B}.Release|Any CPU.ActiveCfg = Release|Any CPU
		{0640B2BF-1EF5-4FFE-A144-0368748FC48B}.Release|Any CPU.Build.0 = Release|Any CPU
		{FC91FFFE-1E0A-4F59-8802-BFF99152AD07}.Debug|Any CPU.ActiveCfg = Debug|Any CPU
		{FC91FFFE-1E0A-4F59-8802-BFF99152AD07}.Debug|Any CPU.Build.0 = Debug|Any CPU
		{FC91FFFE-1E0A-4F59-8802-BFF99152AD07}.Release|Any CPU.ActiveCfg = Release|Any CPU
		{FC91FFFE-1E0A-4F59-8802-BFF99152AD07}.Release|Any CPU.Build.0 = Release|Any CPU
		{ADD6205B-67A4-4BA8-8BED-DF7D0E857A6A}.Debug|Any CPU.ActiveCfg = Debug|Any CPU
		{ADD6205B-67A4-4BA8-8BED-DF7D0E857A6A}.Debug|Any CPU.Build.0 = Debug|Any CPU
		{ADD6205B-67A4-4BA8-8BED-DF7D0E857A6A}.Release|Any CPU.ActiveCfg = Release|Any CPU
		{ADD6205B-67A4-4BA8-8BED-DF7D0E857A6A}.Release|Any CPU.Build.0 = Release|Any CPU
		{6E315182-CC9F-4F62-8385-5E26EFA3B98A}.Debug|Any CPU.ActiveCfg = Debug|Any CPU
		{6E315182-CC9F-4F62-8385-5E26EFA3B98A}.Debug|Any CPU.Build.0 = Debug|Any CPU
		{6E315182-CC9F-4F62-8385-5E26EFA3B98A}.Release|Any CPU.ActiveCfg = Release|Any CPU
		{6E315182-CC9F-4F62-8385-5E26EFA3B98A}.Release|Any CPU.Build.0 = Release|Any CPU
		{09238300-4583-45C6-A997-025CBDC44C24}.Debug|Any CPU.ActiveCfg = Debug|Any CPU
		{09238300-4583-45C6-A997-025CBDC44C24}.Debug|Any CPU.Build.0 = Debug|Any CPU
		{09238300-4583-45C6-A997-025CBDC44C24}.Release|Any CPU.ActiveCfg = Release|Any CPU
		{09238300-4583-45C6-A997-025CBDC44C24}.Release|Any CPU.Build.0 = Release|Any CPU
		{21FDAB94-5014-488D-86C7-A366F1902B24}.Debug|Any CPU.ActiveCfg = Debug|Any CPU
		{21FDAB94-5014-488D-86C7-A366F1902B24}.Debug|Any CPU.Build.0 = Debug|Any CPU
		{21FDAB94-5014-488D-86C7-A366F1902B24}.Release|Any CPU.ActiveCfg = Release|Any CPU
		{21FDAB94-5014-488D-86C7-A366F1902B24}.Release|Any CPU.Build.0 = Release|Any CPU
		{4A378F81-3805-41E8-9565-A8A89A8C00D6}.Debug|Any CPU.ActiveCfg = Debug|Any CPU
		{4A378F81-3805-41E8-9565-A8A89A8C00D6}.Debug|Any CPU.Build.0 = Debug|Any CPU
		{4A378F81-3805-41E8-9565-A8A89A8C00D6}.Release|Any CPU.ActiveCfg = Release|Any CPU
		{4A378F81-3805-41E8-9565-A8A89A8C00D6}.Release|Any CPU.Build.0 = Release|Any CPU
		{FFCF6FA8-4F38-415E-AC2D-B576FFD5FED5}.Debug|Any CPU.ActiveCfg = Debug|Any CPU
		{FFCF6FA8-4F38-415E-AC2D-B576FFD5FED5}.Debug|Any CPU.Build.0 = Debug|Any CPU
		{FFCF6FA8-4F38-415E-AC2D-B576FFD5FED5}.Release|Any CPU.ActiveCfg = Release|Any CPU
		{FFCF6FA8-4F38-415E-AC2D-B576FFD5FED5}.Release|Any CPU.Build.0 = Release|Any CPU
		{71CBD7CC-C787-4796-B05E-4F3BC3C28B48}.Debug|Any CPU.ActiveCfg = Debug|Any CPU
		{71CBD7CC-C787-4796-B05E-4F3BC3C28B48}.Debug|Any CPU.Build.0 = Debug|Any CPU
		{71CBD7CC-C787-4796-B05E-4F3BC3C28B48}.Release|Any CPU.ActiveCfg = Release|Any CPU
		{71CBD7CC-C787-4796-B05E-4F3BC3C28B48}.Release|Any CPU.Build.0 = Release|Any CPU
		{42E626F7-9A7E-4F55-B02C-16EB56E2B540}.Debug|Any CPU.ActiveCfg = Debug|Any CPU
		{42E626F7-9A7E-4F55-B02C-16EB56E2B540}.Debug|Any CPU.Build.0 = Debug|Any CPU
		{42E626F7-9A7E-4F55-B02C-16EB56E2B540}.Release|Any CPU.ActiveCfg = Release|Any CPU
		{42E626F7-9A7E-4F55-B02C-16EB56E2B540}.Release|Any CPU.Build.0 = Release|Any CPU
		{8BF2CBBF-6DAB-4D7A-87E0-AE643D6019AB}.Debug|Any CPU.ActiveCfg = Debug|Any CPU
		{8BF2CBBF-6DAB-4D7A-87E0-AE643D6019AB}.Debug|Any CPU.Build.0 = Debug|Any CPU
		{8BF2CBBF-6DAB-4D7A-87E0-AE643D6019AB}.Release|Any CPU.ActiveCfg = Release|Any CPU
		{8BF2CBBF-6DAB-4D7A-87E0-AE643D6019AB}.Release|Any CPU.Build.0 = Release|Any CPU
		{262A8AE0-E610-405F-B4EC-DB714FB54C00}.Debug|Any CPU.ActiveCfg = Debug|Any CPU
		{262A8AE0-E610-405F-B4EC-DB714FB54C00}.Debug|Any CPU.Build.0 = Debug|Any CPU
		{262A8AE0-E610-405F-B4EC-DB714FB54C00}.Release|Any CPU.ActiveCfg = Release|Any CPU
		{262A8AE0-E610-405F-B4EC-DB714FB54C00}.Release|Any CPU.Build.0 = Release|Any CPU
		{E5F07862-5715-470D-B324-19BDEBB2AA4D}.Debug|Any CPU.ActiveCfg = Debug|Any CPU
		{E5F07862-5715-470D-B324-19BDEBB2AA4D}.Debug|Any CPU.Build.0 = Debug|Any CPU
		{E5F07862-5715-470D-B324-19BDEBB2AA4D}.Release|Any CPU.ActiveCfg = Release|Any CPU
		{E5F07862-5715-470D-B324-19BDEBB2AA4D}.Release|Any CPU.Build.0 = Release|Any CPU
		{21B591A0-F6E5-4645-BF2D-4E71F47394A7}.Debug|Any CPU.ActiveCfg = Debug|Any CPU
		{21B591A0-F6E5-4645-BF2D-4E71F47394A7}.Debug|Any CPU.Build.0 = Debug|Any CPU
		{21B591A0-F6E5-4645-BF2D-4E71F47394A7}.Release|Any CPU.ActiveCfg = Release|Any CPU
		{21B591A0-F6E5-4645-BF2D-4E71F47394A7}.Release|Any CPU.Build.0 = Release|Any CPU
		{F093BDE5-1824-459E-B86E-B9F79B548E58}.Debug|Any CPU.ActiveCfg = Debug|Any CPU
		{F093BDE5-1824-459E-B86E-B9F79B548E58}.Debug|Any CPU.Build.0 = Debug|Any CPU
		{F093BDE5-1824-459E-B86E-B9F79B548E58}.Release|Any CPU.ActiveCfg = Release|Any CPU
		{F093BDE5-1824-459E-B86E-B9F79B548E58}.Release|Any CPU.Build.0 = Release|Any CPU
		{EDA96974-0BEA-404B-8EED-F19CCA2C95A8}.Debug|Any CPU.ActiveCfg = Debug|Any CPU
		{EDA96974-0BEA-404B-8EED-F19CCA2C95A8}.Debug|Any CPU.Build.0 = Debug|Any CPU
		{EDA96974-0BEA-404B-8EED-F19CCA2C95A8}.Release|Any CPU.ActiveCfg = Release|Any CPU
		{EDA96974-0BEA-404B-8EED-F19CCA2C95A8}.Release|Any CPU.Build.0 = Release|Any CPU
		{ED2CAA2D-4E49-4636-86C4-367D0CDC3572}.Debug|Any CPU.ActiveCfg = Debug|Any CPU
		{ED2CAA2D-4E49-4636-86C4-367D0CDC3572}.Debug|Any CPU.Build.0 = Debug|Any CPU
		{ED2CAA2D-4E49-4636-86C4-367D0CDC3572}.Release|Any CPU.ActiveCfg = Release|Any CPU
		{ED2CAA2D-4E49-4636-86C4-367D0CDC3572}.Release|Any CPU.Build.0 = Release|Any CPU
		{8DA821CC-F911-4FCB-8C29-5EF3D76A5F76}.Debug|Any CPU.ActiveCfg = Debug|Any CPU
		{8DA821CC-F911-4FCB-8C29-5EF3D76A5F76}.Debug|Any CPU.Build.0 = Debug|Any CPU
		{8DA821CC-F911-4FCB-8C29-5EF3D76A5F76}.Release|Any CPU.ActiveCfg = Release|Any CPU
		{8DA821CC-F911-4FCB-8C29-5EF3D76A5F76}.Release|Any CPU.Build.0 = Release|Any CPU
		{36BF2B8B-F444-4886-AA4C-0EDF7540F1CE}.Debug|Any CPU.ActiveCfg = Debug|Any CPU
		{36BF2B8B-F444-4886-AA4C-0EDF7540F1CE}.Debug|Any CPU.Build.0 = Debug|Any CPU
		{36BF2B8B-F444-4886-AA4C-0EDF7540F1CE}.Release|Any CPU.ActiveCfg = Release|Any CPU
		{36BF2B8B-F444-4886-AA4C-0EDF7540F1CE}.Release|Any CPU.Build.0 = Release|Any CPU
		{751E4140-2F4D-4550-A4A9-65ABA9F7893A}.Debug|Any CPU.ActiveCfg = Debug|Any CPU
		{751E4140-2F4D-4550-A4A9-65ABA9F7893A}.Debug|Any CPU.Build.0 = Debug|Any CPU
		{751E4140-2F4D-4550-A4A9-65ABA9F7893A}.Release|Any CPU.ActiveCfg = Release|Any CPU
		{751E4140-2F4D-4550-A4A9-65ABA9F7893A}.Release|Any CPU.Build.0 = Release|Any CPU
		{6E7857D9-07AC-419F-B111-0DB0348D1C92}.Debug|Any CPU.ActiveCfg = Debug|Any CPU
		{6E7857D9-07AC-419F-B111-0DB0348D1C92}.Debug|Any CPU.Build.0 = Debug|Any CPU
		{6E7857D9-07AC-419F-B111-0DB0348D1C92}.Release|Any CPU.ActiveCfg = Release|Any CPU
		{6E7857D9-07AC-419F-B111-0DB0348D1C92}.Release|Any CPU.Build.0 = Release|Any CPU
		{FF4BF0E7-698D-49A0-96E9-0E2646FEAFFA}.Debug|Any CPU.ActiveCfg = Debug|Any CPU
		{FF4BF0E7-698D-49A0-96E9-0E2646FEAFFA}.Debug|Any CPU.Build.0 = Debug|Any CPU
		{FF4BF0E7-698D-49A0-96E9-0E2646FEAFFA}.Release|Any CPU.ActiveCfg = Release|Any CPU
		{FF4BF0E7-698D-49A0-96E9-0E2646FEAFFA}.Release|Any CPU.Build.0 = Release|Any CPU
		{31667A36-D069-4708-9DCA-E3446009941B}.Debug|Any CPU.ActiveCfg = Debug|Any CPU
		{31667A36-D069-4708-9DCA-E3446009941B}.Debug|Any CPU.Build.0 = Debug|Any CPU
		{31667A36-D069-4708-9DCA-E3446009941B}.Release|Any CPU.ActiveCfg = Release|Any CPU
		{31667A36-D069-4708-9DCA-E3446009941B}.Release|Any CPU.Build.0 = Release|Any CPU
		{11417BE7-7C4F-40D9-9FCB-467C7B3DCF66}.Debug|Any CPU.ActiveCfg = Debug|Any CPU
		{11417BE7-7C4F-40D9-9FCB-467C7B3DCF66}.Debug|Any CPU.Build.0 = Debug|Any CPU
		{11417BE7-7C4F-40D9-9FCB-467C7B3DCF66}.Release|Any CPU.ActiveCfg = Release|Any CPU
		{11417BE7-7C4F-40D9-9FCB-467C7B3DCF66}.Release|Any CPU.Build.0 = Release|Any CPU
		{A891F616-D163-4B1D-99E4-17C49810D3E4}.Debug|Any CPU.ActiveCfg = Debug|Any CPU
		{A891F616-D163-4B1D-99E4-17C49810D3E4}.Debug|Any CPU.Build.0 = Debug|Any CPU
		{A891F616-D163-4B1D-99E4-17C49810D3E4}.Release|Any CPU.ActiveCfg = Release|Any CPU
		{A891F616-D163-4B1D-99E4-17C49810D3E4}.Release|Any CPU.Build.0 = Release|Any CPU
		{6981A299-1743-4342-9F20-B8FC0263C54D}.Debug|Any CPU.ActiveCfg = Debug|Any CPU
		{6981A299-1743-4342-9F20-B8FC0263C54D}.Debug|Any CPU.Build.0 = Debug|Any CPU
		{6981A299-1743-4342-9F20-B8FC0263C54D}.Release|Any CPU.ActiveCfg = Release|Any CPU
		{6981A299-1743-4342-9F20-B8FC0263C54D}.Release|Any CPU.Build.0 = Release|Any CPU
		{544C21EF-51EF-4947-BBED-26A6794A71D7}.Debug|Any CPU.ActiveCfg = Debug|Any CPU
		{544C21EF-51EF-4947-BBED-26A6794A71D7}.Debug|Any CPU.Build.0 = Debug|Any CPU
		{544C21EF-51EF-4947-BBED-26A6794A71D7}.Release|Any CPU.ActiveCfg = Release|Any CPU
		{544C21EF-51EF-4947-BBED-26A6794A71D7}.Release|Any CPU.Build.0 = Release|Any CPU
		{D2B53F5A-9D6A-4402-B7FD-83BB1503D395}.Debug|Any CPU.ActiveCfg = Debug|Any CPU
		{D2B53F5A-9D6A-4402-B7FD-83BB1503D395}.Debug|Any CPU.Build.0 = Debug|Any CPU
		{D2B53F5A-9D6A-4402-B7FD-83BB1503D395}.Release|Any CPU.ActiveCfg = Release|Any CPU
		{D2B53F5A-9D6A-4402-B7FD-83BB1503D395}.Release|Any CPU.Build.0 = Release|Any CPU
		{F1CCF5D2-EA11-4FE8-A5E2-A92655245893}.Debug|Any CPU.ActiveCfg = Debug|Any CPU
		{F1CCF5D2-EA11-4FE8-A5E2-A92655245893}.Debug|Any CPU.Build.0 = Debug|Any CPU
		{F1CCF5D2-EA11-4FE8-A5E2-A92655245893}.Release|Any CPU.ActiveCfg = Release|Any CPU
		{F1CCF5D2-EA11-4FE8-A5E2-A92655245893}.Release|Any CPU.Build.0 = Release|Any CPU
		{0EA59927-C46A-43DE-9E16-ED64EC1F4FB5}.Debug|Any CPU.ActiveCfg = Debug|Any CPU
		{0EA59927-C46A-43DE-9E16-ED64EC1F4FB5}.Debug|Any CPU.Build.0 = Debug|Any CPU
		{0EA59927-C46A-43DE-9E16-ED64EC1F4FB5}.Release|Any CPU.ActiveCfg = Release|Any CPU
		{0EA59927-C46A-43DE-9E16-ED64EC1F4FB5}.Release|Any CPU.Build.0 = Release|Any CPU
		{DDCEE1C8-80EE-4DFF-84F2-6CE67D02AC22}.Debug|Any CPU.ActiveCfg = Debug|Any CPU
		{DDCEE1C8-80EE-4DFF-84F2-6CE67D02AC22}.Debug|Any CPU.Build.0 = Debug|Any CPU
		{DDCEE1C8-80EE-4DFF-84F2-6CE67D02AC22}.Release|Any CPU.ActiveCfg = Release|Any CPU
		{DDCEE1C8-80EE-4DFF-84F2-6CE67D02AC22}.Release|Any CPU.Build.0 = Release|Any CPU
		{3678F633-47DD-443B-8A6B-0CF33F45097F}.Debug|Any CPU.ActiveCfg = Debug|Any CPU
		{3678F633-47DD-443B-8A6B-0CF33F45097F}.Debug|Any CPU.Build.0 = Debug|Any CPU
		{3678F633-47DD-443B-8A6B-0CF33F45097F}.Release|Any CPU.ActiveCfg = Release|Any CPU
		{3678F633-47DD-443B-8A6B-0CF33F45097F}.Release|Any CPU.Build.0 = Release|Any CPU
		{FAF20A58-1CA6-4543-A8FB-70085F31EFDF}.Debug|Any CPU.ActiveCfg = Debug|Any CPU
		{FAF20A58-1CA6-4543-A8FB-70085F31EFDF}.Debug|Any CPU.Build.0 = Debug|Any CPU
		{FAF20A58-1CA6-4543-A8FB-70085F31EFDF}.Release|Any CPU.ActiveCfg = Release|Any CPU
		{FAF20A58-1CA6-4543-A8FB-70085F31EFDF}.Release|Any CPU.Build.0 = Release|Any CPU
		{2878A29C-E40F-4A1D-A0A3-678742D3814F}.Debug|Any CPU.ActiveCfg = Debug|Any CPU
		{2878A29C-E40F-4A1D-A0A3-678742D3814F}.Debug|Any CPU.Build.0 = Debug|Any CPU
		{2878A29C-E40F-4A1D-A0A3-678742D3814F}.Release|Any CPU.ActiveCfg = Release|Any CPU
		{2878A29C-E40F-4A1D-A0A3-678742D3814F}.Release|Any CPU.Build.0 = Release|Any CPU
		{BBDFF009-CD61-4345-AE16-01B18B5F8073}.Debug|Any CPU.ActiveCfg = Debug|Any CPU
		{BBDFF009-CD61-4345-AE16-01B18B5F8073}.Debug|Any CPU.Build.0 = Debug|Any CPU
		{BBDFF009-CD61-4345-AE16-01B18B5F8073}.Release|Any CPU.ActiveCfg = Release|Any CPU
		{BBDFF009-CD61-4345-AE16-01B18B5F8073}.Release|Any CPU.Build.0 = Release|Any CPU
		{46E47494-A96A-4138-BA3E-3A9A012C518A}.Debug|Any CPU.ActiveCfg = Debug|Any CPU
		{46E47494-A96A-4138-BA3E-3A9A012C518A}.Debug|Any CPU.Build.0 = Debug|Any CPU
		{46E47494-A96A-4138-BA3E-3A9A012C518A}.Release|Any CPU.ActiveCfg = Release|Any CPU
		{46E47494-A96A-4138-BA3E-3A9A012C518A}.Release|Any CPU.Build.0 = Release|Any CPU
		{33435863-4366-438B-9524-354D61E06806}.Debug|Any CPU.ActiveCfg = Debug|Any CPU
		{33435863-4366-438B-9524-354D61E06806}.Debug|Any CPU.Build.0 = Debug|Any CPU
		{33435863-4366-438B-9524-354D61E06806}.Release|Any CPU.ActiveCfg = Release|Any CPU
		{33435863-4366-438B-9524-354D61E06806}.Release|Any CPU.Build.0 = Release|Any CPU
		{661119FB-B83B-4C48-8810-48293C6D7661}.Debug|Any CPU.ActiveCfg = Debug|Any CPU
		{661119FB-B83B-4C48-8810-48293C6D7661}.Debug|Any CPU.Build.0 = Debug|Any CPU
		{661119FB-B83B-4C48-8810-48293C6D7661}.Release|Any CPU.ActiveCfg = Release|Any CPU
		{661119FB-B83B-4C48-8810-48293C6D7661}.Release|Any CPU.Build.0 = Release|Any CPU
		{42C051F5-8DF6-4335-83F9-43A732595C05}.Debug|Any CPU.ActiveCfg = Debug|Any CPU
		{42C051F5-8DF6-4335-83F9-43A732595C05}.Debug|Any CPU.Build.0 = Debug|Any CPU
		{42C051F5-8DF6-4335-83F9-43A732595C05}.Release|Any CPU.ActiveCfg = Release|Any CPU
		{42C051F5-8DF6-4335-83F9-43A732595C05}.Release|Any CPU.Build.0 = Release|Any CPU
		{CB20A400-51AC-456E-B261-3F6804EA6314}.Debug|Any CPU.ActiveCfg = Debug|Any CPU
		{CB20A400-51AC-456E-B261-3F6804EA6314}.Debug|Any CPU.Build.0 = Debug|Any CPU
		{CB20A400-51AC-456E-B261-3F6804EA6314}.Release|Any CPU.ActiveCfg = Release|Any CPU
		{CB20A400-51AC-456E-B261-3F6804EA6314}.Release|Any CPU.Build.0 = Release|Any CPU
		{E3950FB3-C4BD-4320-89F9-331C93781FBB}.Debug|Any CPU.ActiveCfg = Debug|Any CPU
		{E3950FB3-C4BD-4320-89F9-331C93781FBB}.Debug|Any CPU.Build.0 = Debug|Any CPU
		{E3950FB3-C4BD-4320-89F9-331C93781FBB}.Release|Any CPU.ActiveCfg = Release|Any CPU
		{E3950FB3-C4BD-4320-89F9-331C93781FBB}.Release|Any CPU.Build.0 = Release|Any CPU
		{B9B67099-777A-4686-AE01-455B101B3B36}.Debug|Any CPU.ActiveCfg = Debug|Any CPU
		{B9B67099-777A-4686-AE01-455B101B3B36}.Debug|Any CPU.Build.0 = Debug|Any CPU
		{B9B67099-777A-4686-AE01-455B101B3B36}.Release|Any CPU.ActiveCfg = Release|Any CPU
		{B9B67099-777A-4686-AE01-455B101B3B36}.Release|Any CPU.Build.0 = Release|Any CPU
		{77FF7FA8-EBC2-4400-B7FF-3A5F7DBFAEAE}.Debug|Any CPU.ActiveCfg = Debug|Any CPU
		{77FF7FA8-EBC2-4400-B7FF-3A5F7DBFAEAE}.Debug|Any CPU.Build.0 = Debug|Any CPU
		{77FF7FA8-EBC2-4400-B7FF-3A5F7DBFAEAE}.Release|Any CPU.ActiveCfg = Release|Any CPU
		{77FF7FA8-EBC2-4400-B7FF-3A5F7DBFAEAE}.Release|Any CPU.Build.0 = Release|Any CPU
		{A19BF0EC-70C3-49D0-B278-02807669F240}.Debug|Any CPU.ActiveCfg = Debug|Any CPU
		{A19BF0EC-70C3-49D0-B278-02807669F240}.Debug|Any CPU.Build.0 = Debug|Any CPU
		{A19BF0EC-70C3-49D0-B278-02807669F240}.Release|Any CPU.ActiveCfg = Release|Any CPU
		{A19BF0EC-70C3-49D0-B278-02807669F240}.Release|Any CPU.Build.0 = Release|Any CPU
		{7CE6B276-A25C-4B7B-B99D-AD52C6B48E5B}.Debug|Any CPU.ActiveCfg = Debug|Any CPU
		{7CE6B276-A25C-4B7B-B99D-AD52C6B48E5B}.Debug|Any CPU.Build.0 = Debug|Any CPU
		{7CE6B276-A25C-4B7B-B99D-AD52C6B48E5B}.Release|Any CPU.ActiveCfg = Release|Any CPU
		{7CE6B276-A25C-4B7B-B99D-AD52C6B48E5B}.Release|Any CPU.Build.0 = Release|Any CPU
		{1DE6CF9F-996E-459B-9129-D76245001F5F}.Debug|Any CPU.ActiveCfg = Debug|Any CPU
		{1DE6CF9F-996E-459B-9129-D76245001F5F}.Debug|Any CPU.Build.0 = Debug|Any CPU
		{1DE6CF9F-996E-459B-9129-D76245001F5F}.Release|Any CPU.ActiveCfg = Release|Any CPU
		{1DE6CF9F-996E-459B-9129-D76245001F5F}.Release|Any CPU.Build.0 = Release|Any CPU
		{B467F55B-55C4-44E7-83EF-E6ABC9225A90}.Debug|Any CPU.ActiveCfg = Debug|Any CPU
		{B467F55B-55C4-44E7-83EF-E6ABC9225A90}.Debug|Any CPU.Build.0 = Debug|Any CPU
		{B467F55B-55C4-44E7-83EF-E6ABC9225A90}.Release|Any CPU.ActiveCfg = Release|Any CPU
		{B467F55B-55C4-44E7-83EF-E6ABC9225A90}.Release|Any CPU.Build.0 = Release|Any CPU
	EndGlobalSection
	GlobalSection(SolutionProperties) = preSolution
		HideSolutionNode = FALSE
	EndGlobalSection
	GlobalSection(ExtensibilityGlobals) = postSolution
		SolutionGuid = {CD7DECEC-F4A0-4EEF-978B-72748414D52A}
	EndGlobalSection
	GlobalSection(NestedProjects) = preSolution
		{BBDFF009-CD61-4345-AE16-01B18B5F8073} = {FF8CA700-BB6F-45FD-AEB6-CCAEACE50B0F}
		{FF4BF0E7-698D-49A0-96E9-0E2646FEAFFA} = {FF8CA700-BB6F-45FD-AEB6-CCAEACE50B0F}
		{544C21EF-51EF-4947-BBED-26A6794A71D7} = {FF8CA700-BB6F-45FD-AEB6-CCAEACE50B0F}
		{0EA59927-C46A-43DE-9E16-ED64EC1F4FB5} = {FF8CA700-BB6F-45FD-AEB6-CCAEACE50B0F}
		{CB20A400-51AC-456E-B261-3F6804EA6314} = {FF8CA700-BB6F-45FD-AEB6-CCAEACE50B0F}
		{E3950FB3-C4BD-4320-89F9-331C93781FBB} = {FF8CA700-BB6F-45FD-AEB6-CCAEACE50B0F}
		{A19BF0EC-70C3-49D0-B278-02807669F240} = {FF8CA700-BB6F-45FD-AEB6-CCAEACE50B0F}
		{7CE6B276-A25C-4B7B-B99D-AD52C6B48E5B} = {FF8CA700-BB6F-45FD-AEB6-CCAEACE50B0F}
		{1DE6CF9F-996E-459B-9129-D76245001F5F} = {B8FAD767-CB47-4112-8AFC-8620A51B946A}
	EndGlobalSection
EndGlobal
