
Microsoft Visual Studio Solution File, Format Version 12.00
Project("{FAE04EC0-301F-11D3-BF4B-00C04F79EFBC}") = "TrackedControllerFix", "TrackedControllerFix\TrackedControllerFix.csproj", "{883F7EC3-9A1E-4EBA-9A51-E2E7882DC5D4}"
EndProject
Project("{FAE04EC0-301F-11D3-BF4B-00C04F79EFBC}") = "AASBufferFix", "AASBufferFix\AASBufferFix.csproj", "{DBC8A547-F07B-40DB-8745-D79042C6C1A1}"
EndProject
Project("{FAE04EC0-301F-11D3-BF4B-00C04F79EFBC}") = "BadAnimatorFix", "BadAnimatorFix\BadAnimatorFix.csproj", "{E56C36DE-5F8D-41CC-A801-376D27D22EF5}"
EndProject
Project("{FAE04EC0-301F-11D3-BF4B-00C04F79EFBC}") = "Blackout", "Blackout\Blackout.csproj", "{24BE113B-5D9F-4BFA-A883-CAD8279304A1}"
EndProject
Project("{FAE04EC0-301F-11D3-BF4B-00C04F79EFBC}") = "ChatBoxExtensions", "ChatBoxExtensions\ChatBoxExtensions.csproj", "{E3709319-8EDB-42C7-8A99-0F1FDF5AC312}"
EndProject
Project("{FAE04EC0-301F-11D3-BF4B-00C04F79EFBC}") = "ClearHudNotifications", "ClearHudNotifications\ClearHudNotifications.csproj", "{F74A59F9-7AE9-46AB-81B9-B50BDA4C30F0}"
EndProject
Project("{FAE04EC0-301F-11D3-BF4B-00C04F79EFBC}") = "CVRGizmos", "CVRGizmos\CVRGizmos.csproj", "{CF9BC79E-4FB6-429A-8C19-DF31F040BD4A}"
EndProject
Project("{FAE04EC0-301F-11D3-BF4B-00C04F79EFBC}") = "DesktopVRIK", "DesktopVRIK\DesktopVRIK.csproj", "{CD33AB69-F9A4-4F32-B69A-473131F6393B}"
EndProject
Project("{FAE04EC0-301F-11D3-BF4B-00C04F79EFBC}") = "DesktopVRSwitch", "DesktopVRSwitch\DesktopVRSwitch.csproj", "{30F56FE1-1654-4213-A51C-4C0278FB43A6}"
EndProject
Project("{FAE04EC0-301F-11D3-BF4B-00C04F79EFBC}") = "FuckMetrics", "FuckMetrics\FuckMetrics.csproj", "{55E805A5-404C-4BB9-9AF1-A432443B1424}"
EndProject
Project("{FAE04EC0-301F-11D3-BF4B-00C04F79EFBC}") = "FuckToes", "FuckToes\FuckToes.csproj", "{79B2A7C4-348D-4A8E-94D1-BA22FDD5FEED}"
EndProject
Project("{FAE04EC0-301F-11D3-BF4B-00C04F79EFBC}") = "GestureLock", "GestureLock\GestureLock.csproj", "{45A65AEB-4BFC-4E47-B181-BBB43BD81283}"
EndProject
Project("{FAE04EC0-301F-11D3-BF4B-00C04F79EFBC}") = "IKFixes", "IKFixes\IKFixes.csproj", "{95D40C1C-6A7D-4AB3-8893-3E7B8375D01D}"
EndProject
Project("{FAE04EC0-301F-11D3-BF4B-00C04F79EFBC}") = "JumpPatch", "JumpPatch\JumpPatch.csproj", "{06AA6DE3-967A-4F1E-83B1-6DDA1524A638}"
EndProject
Project("{FAE04EC0-301F-11D3-BF4B-00C04F79EFBC}") = "MenuScalePatch", "MenuScalePatch\MenuScalePatch.csproj", "{A089D5AA-B539-423C-9331-A30E8147EEF5}"
EndProject
Project("{FAE04EC0-301F-11D3-BF4B-00C04F79EFBC}") = "CustomComponents", "NAK.CustomComponents\CustomComponents.csproj", "{E43DB288-C6CF-469C-A250-17029A14770E}"
EndProject
Project("{FAE04EC0-301F-11D3-BF4B-00C04F79EFBC}") = "PathCamDisabler", "PathCamDisabler\PathCamDisabler.csproj", "{98169FD2-5CEB-46D1-A320-D7E06F82C9E0}"
EndProject
Project("{FAE04EC0-301F-11D3-BF4B-00C04F79EFBC}") = "PickupPushPull", "PickupPushPull\PickupPushPull.csproj", "{1B3245A6-1F6D-4C1F-AE53-8781A26A1AC7}"
EndProject
Project("{FAE04EC0-301F-11D3-BF4B-00C04F79EFBC}") = "PortableCameraAdditions", "PortableCameraAdditions\PortableCameraAdditions.csproj", "{C4DAFE9D-C79B-4417-9B7D-B7327999DA4C}"
EndProject
Project("{FAE04EC0-301F-11D3-BF4B-00C04F79EFBC}") = "PropUndoButton", "PropUndoButton\PropUndoButton.csproj", "{FBFDB717-F81E-4C06-ACF9-A0F3FFDCDE00}"
EndProject
Project("{FAE04EC0-301F-11D3-BF4B-00C04F79EFBC}") = "ThirdPerson", "ThirdPerson\ThirdPerson.csproj", "{675CEC0E-3E8A-4970-98EA-9B79277A7252}"
EndProject
Global
	GlobalSection(SolutionConfigurationPlatforms) = preSolution
		Debug|Any CPU = Debug|Any CPU
		Release|Any CPU = Release|Any CPU
	EndGlobalSection
	GlobalSection(ProjectConfigurationPlatforms) = postSolution
		{06AA6DE3-967A-4F1E-83B1-6DDA1524A638}.Debug|Any CPU.ActiveCfg = Debug|Any CPU
		{06AA6DE3-967A-4F1E-83B1-6DDA1524A638}.Release|Any CPU.ActiveCfg = Release|Any CPU
		{06AA6DE3-967A-4F1E-83B1-6DDA1524A638}.Debug|Any CPU.Build.0 = Debug|Any CPU
		{06AA6DE3-967A-4F1E-83B1-6DDA1524A638}.Release|Any CPU.Build.0 = Release|Any CPU
		{1B3245A6-1F6D-4C1F-AE53-8781A26A1AC7}.Debug|Any CPU.ActiveCfg = Debug|Any CPU
		{1B3245A6-1F6D-4C1F-AE53-8781A26A1AC7}.Release|Any CPU.ActiveCfg = Release|Any CPU
		{1B3245A6-1F6D-4C1F-AE53-8781A26A1AC7}.Debug|Any CPU.Build.0 = Debug|Any CPU
		{1B3245A6-1F6D-4C1F-AE53-8781A26A1AC7}.Release|Any CPU.Build.0 = Release|Any CPU
		{24BE113B-5D9F-4BFA-A883-CAD8279304A1}.Debug|Any CPU.ActiveCfg = Debug|Any CPU
		{24BE113B-5D9F-4BFA-A883-CAD8279304A1}.Release|Any CPU.ActiveCfg = Release|Any CPU
		{24BE113B-5D9F-4BFA-A883-CAD8279304A1}.Debug|Any CPU.Build.0 = Debug|Any CPU
		{24BE113B-5D9F-4BFA-A883-CAD8279304A1}.Release|Any CPU.Build.0 = Release|Any CPU
		{30F56FE1-1654-4213-A51C-4C0278FB43A6}.Debug|Any CPU.ActiveCfg = Debug|Any CPU
		{30F56FE1-1654-4213-A51C-4C0278FB43A6}.Release|Any CPU.ActiveCfg = Release|Any CPU
		{30F56FE1-1654-4213-A51C-4C0278FB43A6}.Debug|Any CPU.Build.0 = Debug|Any CPU
		{30F56FE1-1654-4213-A51C-4C0278FB43A6}.Release|Any CPU.Build.0 = Release|Any CPU
		{45A65AEB-4BFC-4E47-B181-BBB43BD81283}.Debug|Any CPU.ActiveCfg = Debug|Any CPU
		{45A65AEB-4BFC-4E47-B181-BBB43BD81283}.Release|Any CPU.ActiveCfg = Release|Any CPU
		{45A65AEB-4BFC-4E47-B181-BBB43BD81283}.Debug|Any CPU.Build.0 = Debug|Any CPU
		{45A65AEB-4BFC-4E47-B181-BBB43BD81283}.Release|Any CPU.Build.0 = Release|Any CPU
		{55E805A5-404C-4BB9-9AF1-A432443B1424}.Debug|Any CPU.ActiveCfg = Debug|Any CPU
		{55E805A5-404C-4BB9-9AF1-A432443B1424}.Release|Any CPU.ActiveCfg = Release|Any CPU
		{55E805A5-404C-4BB9-9AF1-A432443B1424}.Debug|Any CPU.Build.0 = Debug|Any CPU
		{55E805A5-404C-4BB9-9AF1-A432443B1424}.Release|Any CPU.Build.0 = Release|Any CPU
		{675CEC0E-3E8A-4970-98EA-9B79277A7252}.Debug|Any CPU.ActiveCfg = Debug|Any CPU
		{675CEC0E-3E8A-4970-98EA-9B79277A7252}.Release|Any CPU.ActiveCfg = Release|Any CPU
		{675CEC0E-3E8A-4970-98EA-9B79277A7252}.Debug|Any CPU.Build.0 = Debug|Any CPU
		{675CEC0E-3E8A-4970-98EA-9B79277A7252}.Release|Any CPU.Build.0 = Release|Any CPU
		{79B2A7C4-348D-4A8E-94D1-BA22FDD5FEED}.Debug|Any CPU.ActiveCfg = Debug|Any CPU
		{79B2A7C4-348D-4A8E-94D1-BA22FDD5FEED}.Release|Any CPU.ActiveCfg = Release|Any CPU
		{79B2A7C4-348D-4A8E-94D1-BA22FDD5FEED}.Debug|Any CPU.Build.0 = Debug|Any CPU
		{79B2A7C4-348D-4A8E-94D1-BA22FDD5FEED}.Release|Any CPU.Build.0 = Release|Any CPU
		{883F7EC3-9A1E-4EBA-9A51-E2E7882DC5D4}.Debug|Any CPU.ActiveCfg = Debug|Any CPU
		{883F7EC3-9A1E-4EBA-9A51-E2E7882DC5D4}.Release|Any CPU.ActiveCfg = Release|Any CPU
		{883F7EC3-9A1E-4EBA-9A51-E2E7882DC5D4}.Debug|Any CPU.Build.0 = Debug|Any CPU
		{883F7EC3-9A1E-4EBA-9A51-E2E7882DC5D4}.Release|Any CPU.Build.0 = Release|Any CPU
		{95D40C1C-6A7D-4AB3-8893-3E7B8375D01D}.Debug|Any CPU.ActiveCfg = Debug|Any CPU
		{95D40C1C-6A7D-4AB3-8893-3E7B8375D01D}.Release|Any CPU.ActiveCfg = Release|Any CPU
		{95D40C1C-6A7D-4AB3-8893-3E7B8375D01D}.Debug|Any CPU.Build.0 = Debug|Any CPU
		{95D40C1C-6A7D-4AB3-8893-3E7B8375D01D}.Release|Any CPU.Build.0 = Release|Any CPU
		{98169FD2-5CEB-46D1-A320-D7E06F82C9E0}.Debug|Any CPU.ActiveCfg = Debug|Any CPU
		{98169FD2-5CEB-46D1-A320-D7E06F82C9E0}.Release|Any CPU.ActiveCfg = Release|Any CPU
		{98169FD2-5CEB-46D1-A320-D7E06F82C9E0}.Debug|Any CPU.Build.0 = Debug|Any CPU
		{98169FD2-5CEB-46D1-A320-D7E06F82C9E0}.Release|Any CPU.Build.0 = Release|Any CPU
		{A089D5AA-B539-423C-9331-A30E8147EEF5}.Debug|Any CPU.ActiveCfg = Debug|Any CPU
		{A089D5AA-B539-423C-9331-A30E8147EEF5}.Release|Any CPU.ActiveCfg = Release|Any CPU
		{A089D5AA-B539-423C-9331-A30E8147EEF5}.Debug|Any CPU.Build.0 = Debug|Any CPU
		{A089D5AA-B539-423C-9331-A30E8147EEF5}.Release|Any CPU.Build.0 = Release|Any CPU
		{C4DAFE9D-C79B-4417-9B7D-B7327999DA4C}.Debug|Any CPU.ActiveCfg = Debug|Any CPU
		{C4DAFE9D-C79B-4417-9B7D-B7327999DA4C}.Release|Any CPU.ActiveCfg = Release|Any CPU
		{C4DAFE9D-C79B-4417-9B7D-B7327999DA4C}.Debug|Any CPU.Build.0 = Debug|Any CPU
		{C4DAFE9D-C79B-4417-9B7D-B7327999DA4C}.Release|Any CPU.Build.0 = Release|Any CPU
		{CD33AB69-F9A4-4F32-B69A-473131F6393B}.Debug|Any CPU.ActiveCfg = Debug|Any CPU
		{CD33AB69-F9A4-4F32-B69A-473131F6393B}.Release|Any CPU.ActiveCfg = Release|Any CPU
		{CD33AB69-F9A4-4F32-B69A-473131F6393B}.Debug|Any CPU.Build.0 = Debug|Any CPU
		{CD33AB69-F9A4-4F32-B69A-473131F6393B}.Release|Any CPU.Build.0 = Release|Any CPU
		{CF9BC79E-4FB6-429A-8C19-DF31F040BD4A}.Debug|Any CPU.ActiveCfg = Debug|Any CPU
		{CF9BC79E-4FB6-429A-8C19-DF31F040BD4A}.Release|Any CPU.ActiveCfg = Release|Any CPU
		{CF9BC79E-4FB6-429A-8C19-DF31F040BD4A}.Debug|Any CPU.Build.0 = Debug|Any CPU
		{CF9BC79E-4FB6-429A-8C19-DF31F040BD4A}.Release|Any CPU.Build.0 = Release|Any CPU
		{DBC8A547-F07B-40DB-8745-D79042C6C1A1}.Debug|Any CPU.ActiveCfg = Debug|Any CPU
		{DBC8A547-F07B-40DB-8745-D79042C6C1A1}.Release|Any CPU.ActiveCfg = Release|Any CPU
		{DBC8A547-F07B-40DB-8745-D79042C6C1A1}.Debug|Any CPU.Build.0 = Debug|Any CPU
		{DBC8A547-F07B-40DB-8745-D79042C6C1A1}.Release|Any CPU.Build.0 = Release|Any CPU
		{E3709319-8EDB-42C7-8A99-0F1FDF5AC312}.Debug|Any CPU.ActiveCfg = Debug|Any CPU
		{E3709319-8EDB-42C7-8A99-0F1FDF5AC312}.Release|Any CPU.ActiveCfg = Release|Any CPU
		{E3709319-8EDB-42C7-8A99-0F1FDF5AC312}.Debug|Any CPU.Build.0 = Debug|Any CPU
		{E3709319-8EDB-42C7-8A99-0F1FDF5AC312}.Release|Any CPU.Build.0 = Release|Any CPU
		{E43DB288-C6CF-469C-A250-17029A14770E}.Debug|Any CPU.ActiveCfg = Debug|Any CPU
		{E43DB288-C6CF-469C-A250-17029A14770E}.Release|Any CPU.ActiveCfg = Release|Any CPU
		{E43DB288-C6CF-469C-A250-17029A14770E}.Debug|Any CPU.Build.0 = Debug|Any CPU
		{E43DB288-C6CF-469C-A250-17029A14770E}.Release|Any CPU.Build.0 = Release|Any CPU
		{E56C36DE-5F8D-41CC-A801-376D27D22EF5}.Debug|Any CPU.ActiveCfg = Debug|Any CPU
		{E56C36DE-5F8D-41CC-A801-376D27D22EF5}.Release|Any CPU.ActiveCfg = Release|Any CPU
		{E56C36DE-5F8D-41CC-A801-376D27D22EF5}.Debug|Any CPU.Build.0 = Debug|Any CPU
		{E56C36DE-5F8D-41CC-A801-376D27D22EF5}.Release|Any CPU.Build.0 = Release|Any CPU
		{F74A59F9-7AE9-46AB-81B9-B50BDA4C30F0}.Debug|Any CPU.ActiveCfg = Debug|Any CPU
		{F74A59F9-7AE9-46AB-81B9-B50BDA4C30F0}.Release|Any CPU.ActiveCfg = Release|Any CPU
		{F74A59F9-7AE9-46AB-81B9-B50BDA4C30F0}.Debug|Any CPU.Build.0 = Debug|Any CPU
		{F74A59F9-7AE9-46AB-81B9-B50BDA4C30F0}.Release|Any CPU.Build.0 = Release|Any CPU
		{FBFDB717-F81E-4C06-ACF9-A0F3FFDCDE00}.Debug|Any CPU.ActiveCfg = Debug|Any CPU
		{FBFDB717-F81E-4C06-ACF9-A0F3FFDCDE00}.Release|Any CPU.ActiveCfg = Release|Any CPU
		{FBFDB717-F81E-4C06-ACF9-A0F3FFDCDE00}.Debug|Any CPU.Build.0 = Debug|Any CPU
		{FBFDB717-F81E-4C06-ACF9-A0F3FFDCDE00}.Release|Any CPU.Build.0 = Release|Any CPU
	EndGlobalSection
EndGlobal
