
Microsoft Visual Studio Solution File, Format Version 12.00
# Visual Studio Version 17
VisualStudioVersion = 17.2.32630.192
MinimumVisualStudioVersion = 10.0.40219.1
Project("{9A19103F-16F7-4668-BE54-9A1E7A4F7556}") = "TrackedControllerFix", "TrackedControllerFix\TrackedControllerFix.csproj", "{883F7EC3-9A1E-4EBA-9A51-E2E7882DC5D4}"
EndProject
Project("{9A19103F-16F7-4668-BE54-9A1E7A4F7556}") = "AASBufferFix", "AASBufferFix\AASBufferFix.csproj", "{DBC8A547-F07B-40DB-8745-D79042C6C1A1}"
EndProject
Project("{9A19103F-16F7-4668-BE54-9A1E7A4F7556}") = "BadAnimatorFix", "BadAnimatorFix\BadAnimatorFix.csproj", "{E56C36DE-5F8D-41CC-A801-376D27D22EF5}"
EndProject
Project("{9A19103F-16F7-4668-BE54-9A1E7A4F7556}") = "Blackout", "Blackout\Blackout.csproj", "{24BE113B-5D9F-4BFA-A883-CAD8279304A1}"
EndProject
Project("{9A19103F-16F7-4668-BE54-9A1E7A4F7556}") = "ChatBoxExtensions", "ChatBoxExtensions\ChatBoxExtensions.csproj", "{E3709319-8EDB-42C7-8A99-0F1FDF5AC312}"
EndProject
Project("{9A19103F-16F7-4668-BE54-9A1E7A4F7556}") = "ClearHudNotifications", "ClearHudNotifications\ClearHudNotifications.csproj", "{F74A59F9-7AE9-46AB-81B9-B50BDA4C30F0}"
EndProject
Project("{9A19103F-16F7-4668-BE54-9A1E7A4F7556}") = "CVRGizmos", "CVRGizmos\CVRGizmos.csproj", "{CF9BC79E-4FB6-429A-8C19-DF31F040BD4A}"
EndProject
Project("{9A19103F-16F7-4668-BE54-9A1E7A4F7556}") = "DesktopVRIK", "DesktopVRIK\DesktopVRIK.csproj", "{CD33AB69-F9A4-4F32-B69A-473131F6393B}"
EndProject
Project("{9A19103F-16F7-4668-BE54-9A1E7A4F7556}") = "DesktopVRSwitch", "DesktopVRSwitch\DesktopVRSwitch.csproj", "{30F56FE1-1654-4213-A51C-4C0278FB43A6}"
EndProject
Project("{9A19103F-16F7-4668-BE54-9A1E7A4F7556}") = "FuckMetrics", "FuckMetrics\FuckMetrics.csproj", "{55E805A5-404C-4BB9-9AF1-A432443B1424}"
EndProject
Project("{9A19103F-16F7-4668-BE54-9A1E7A4F7556}") = "FuckToes", "FuckToes\FuckToes.csproj", "{79B2A7C4-348D-4A8E-94D1-BA22FDD5FEED}"
EndProject
Project("{9A19103F-16F7-4668-BE54-9A1E7A4F7556}") = "GestureLock", "GestureLock\GestureLock.csproj", "{45A65AEB-4BFC-4E47-B181-BBB43BD81283}"
EndProject
Project("{9A19103F-16F7-4668-BE54-9A1E7A4F7556}") = "IKFixes", "IKFixes\IKFixes.csproj", "{95D40C1C-6A7D-4AB3-8893-3E7B8375D01D}"
EndProject
Project("{9A19103F-16F7-4668-BE54-9A1E7A4F7556}") = "JumpPatch", "JumpPatch\JumpPatch.csproj", "{06AA6DE3-967A-4F1E-83B1-6DDA1524A638}"
EndProject
Project("{9A19103F-16F7-4668-BE54-9A1E7A4F7556}") = "MenuScalePatch", "MenuScalePatch\MenuScalePatch.csproj", "{A089D5AA-B539-423C-9331-A30E8147EEF5}"
EndProject
Project("{9A19103F-16F7-4668-BE54-9A1E7A4F7556}") = "CustomComponents", "NAK.CustomComponents\CustomComponents.csproj", "{E43DB288-C6CF-469C-A250-17029A14770E}"
EndProject
Project("{9A19103F-16F7-4668-BE54-9A1E7A4F7556}") = "PathCamDisabler", "PathCamDisabler\PathCamDisabler.csproj", "{98169FD2-5CEB-46D1-A320-D7E06F82C9E0}"
EndProject
Project("{9A19103F-16F7-4668-BE54-9A1E7A4F7556}") = "PickupPushPull", "PickupPushPull\PickupPushPull.csproj", "{1B3245A6-1F6D-4C1F-AE53-8781A26A1AC7}"
EndProject
Project("{9A19103F-16F7-4668-BE54-9A1E7A4F7556}") = "PortableCameraAdditions", "PortableCameraAdditions\PortableCameraAdditions.csproj", "{C4DAFE9D-C79B-4417-9B7D-B7327999DA4C}"
EndProject
Project("{9A19103F-16F7-4668-BE54-9A1E7A4F7556}") = "PropUndoButton", "PropUndoButton\PropUndoButton.csproj", "{FBFDB717-F81E-4C06-ACF9-A0F3FFDCDE00}"
EndProject
Project("{9A19103F-16F7-4668-BE54-9A1E7A4F7556}") = "ThirdPerson", "ThirdPerson\ThirdPerson.csproj", "{675CEC0E-3E8A-4970-98EA-9B79277A7252}"
EndProject
Project("{9A19103F-16F7-4668-BE54-9A1E7A4F7556}") = "AvatarScaleMod", "AvatarScale\AvatarScaleMod.csproj", "{A6DF0D98-428C-4FE2-BA7F-756312122B1E}"
EndProject
Project("{9A19103F-16F7-4668-BE54-9A1E7A4F7556}") = "Nevermind", "Nevermind\Nevermind.csproj", "{0432AB34-549E-4E36-8C92-6B9991800D67}"
EndProject
Project("{9A19103F-16F7-4668-BE54-9A1E7A4F7556}") = "InteractionTest", "InteractionTest\InteractionTest.csproj", "{55B6B84B-8D92-4703-B456-04A56FA069D9}"
EndProject
Project("{9A19103F-16F7-4668-BE54-9A1E7A4F7556}") = "CameraFixes", "CameraFixes\CameraFixes.csproj", "{3090F446-1122-4EF1-B9D9-6ACE724C87DF}"
EndProject
Project("{9A19103F-16F7-4668-BE54-9A1E7A4F7556}") = "IKAdjustments", "IKAdjustments\IKAdjustments.csproj", "{CCD510BF-1A32-441F-B52B-8A937BF75CE3}"
EndProject
Project("{9A19103F-16F7-4668-BE54-9A1E7A4F7556}") = "SmoothRay", "SmoothRay\SmoothRay.csproj", "{1BBC97C5-CC9F-4DA2-B166-F507F825DFAA}"
EndProject
Project("{9A19103F-16F7-4668-BE54-9A1E7A4F7556}") = "TrackedPointFix", "TrackedPointFix\TrackedPointFix.csproj", "{0A6788A8-89E9-4FC4-B4FE-27FE8B39926C}"
EndProject
Project("{9A19103F-16F7-4668-BE54-9A1E7A4F7556}") = "HeadBobbingFix", "HeadBobbingFix\HeadBobbingFix.csproj", "{EFE40A43-3FA4-4B61-8A7E-78789792F127}"
EndProject
Project("{9A19103F-16F7-4668-BE54-9A1E7A4F7556}") = "ClickToMove", "ClickToMove\ClickToMove.csproj", "{8D392BEE-E959-4906-A2A7-5EB9E3AE4D00}"
EndProject
Project("{9A19103F-16F7-4668-BE54-9A1E7A4F7556}") = "ControllerFreeze", "ControllerFreeze\ControllerFreeze.csproj", "{ADAAC4FB-D78B-4FD2-B23A-EA6AF6B0B4A5}"
EndProject
Project("{9A19103F-16F7-4668-BE54-9A1E7A4F7556}") = "FuckCohtmlResourceHandler", "FuckCohtmlResourceHandler\FuckCohtmlResourceHandler.csproj", "{EB73DB1B-62BD-4258-BA85-D3ACAB7CBE91}"
EndProject
Project("{9A19103F-16F7-4668-BE54-9A1E7A4F7556}") = "PlaySpaceScaleFix", "PlaySpaceScaleFix\PlaySpaceScaleFix.csproj", "{61368493-5B0E-489B-828C-DE10428AB81A}"
EndProject
Project("{9A19103F-16F7-4668-BE54-9A1E7A4F7556}") = "FOVAdjustment", "FOVAdjustment\FOVAdjustment.csproj", "{EE552804-30B1-49CF-BBDE-3B312895AFF7}"
EndProject
Global
	GlobalSection(SolutionConfigurationPlatforms) = preSolution
		Debug|Any CPU = Debug|Any CPU
		Release|Any CPU = Release|Any CPU
	EndGlobalSection
	GlobalSection(ProjectConfigurationPlatforms) = postSolution
		{883F7EC3-9A1E-4EBA-9A51-E2E7882DC5D4}.Debug|Any CPU.ActiveCfg = Debug|Any CPU
		{883F7EC3-9A1E-4EBA-9A51-E2E7882DC5D4}.Debug|Any CPU.Build.0 = Debug|Any CPU
		{883F7EC3-9A1E-4EBA-9A51-E2E7882DC5D4}.Release|Any CPU.ActiveCfg = Release|Any CPU
		{883F7EC3-9A1E-4EBA-9A51-E2E7882DC5D4}.Release|Any CPU.Build.0 = Release|Any CPU
		{DBC8A547-F07B-40DB-8745-D79042C6C1A1}.Debug|Any CPU.ActiveCfg = Debug|Any CPU
		{DBC8A547-F07B-40DB-8745-D79042C6C1A1}.Debug|Any CPU.Build.0 = Debug|Any CPU
		{DBC8A547-F07B-40DB-8745-D79042C6C1A1}.Release|Any CPU.ActiveCfg = Release|Any CPU
		{DBC8A547-F07B-40DB-8745-D79042C6C1A1}.Release|Any CPU.Build.0 = Release|Any CPU
		{E56C36DE-5F8D-41CC-A801-376D27D22EF5}.Debug|Any CPU.ActiveCfg = Debug|Any CPU
		{E56C36DE-5F8D-41CC-A801-376D27D22EF5}.Debug|Any CPU.Build.0 = Debug|Any CPU
		{E56C36DE-5F8D-41CC-A801-376D27D22EF5}.Release|Any CPU.ActiveCfg = Release|Any CPU
		{E56C36DE-5F8D-41CC-A801-376D27D22EF5}.Release|Any CPU.Build.0 = Release|Any CPU
		{24BE113B-5D9F-4BFA-A883-CAD8279304A1}.Debug|Any CPU.ActiveCfg = Debug|Any CPU
		{24BE113B-5D9F-4BFA-A883-CAD8279304A1}.Debug|Any CPU.Build.0 = Debug|Any CPU
		{24BE113B-5D9F-4BFA-A883-CAD8279304A1}.Release|Any CPU.ActiveCfg = Release|Any CPU
		{24BE113B-5D9F-4BFA-A883-CAD8279304A1}.Release|Any CPU.Build.0 = Release|Any CPU
		{E3709319-8EDB-42C7-8A99-0F1FDF5AC312}.Debug|Any CPU.ActiveCfg = Debug|Any CPU
		{E3709319-8EDB-42C7-8A99-0F1FDF5AC312}.Debug|Any CPU.Build.0 = Debug|Any CPU
		{E3709319-8EDB-42C7-8A99-0F1FDF5AC312}.Release|Any CPU.ActiveCfg = Release|Any CPU
		{E3709319-8EDB-42C7-8A99-0F1FDF5AC312}.Release|Any CPU.Build.0 = Release|Any CPU
		{F74A59F9-7AE9-46AB-81B9-B50BDA4C30F0}.Debug|Any CPU.ActiveCfg = Debug|Any CPU
		{F74A59F9-7AE9-46AB-81B9-B50BDA4C30F0}.Debug|Any CPU.Build.0 = Debug|Any CPU
		{F74A59F9-7AE9-46AB-81B9-B50BDA4C30F0}.Release|Any CPU.ActiveCfg = Release|Any CPU
		{F74A59F9-7AE9-46AB-81B9-B50BDA4C30F0}.Release|Any CPU.Build.0 = Release|Any CPU
		{CF9BC79E-4FB6-429A-8C19-DF31F040BD4A}.Debug|Any CPU.ActiveCfg = Debug|Any CPU
		{CF9BC79E-4FB6-429A-8C19-DF31F040BD4A}.Debug|Any CPU.Build.0 = Debug|Any CPU
		{CF9BC79E-4FB6-429A-8C19-DF31F040BD4A}.Release|Any CPU.ActiveCfg = Release|Any CPU
		{CF9BC79E-4FB6-429A-8C19-DF31F040BD4A}.Release|Any CPU.Build.0 = Release|Any CPU
		{CD33AB69-F9A4-4F32-B69A-473131F6393B}.Debug|Any CPU.ActiveCfg = Debug|Any CPU
		{CD33AB69-F9A4-4F32-B69A-473131F6393B}.Debug|Any CPU.Build.0 = Debug|Any CPU
		{CD33AB69-F9A4-4F32-B69A-473131F6393B}.Release|Any CPU.ActiveCfg = Release|Any CPU
		{CD33AB69-F9A4-4F32-B69A-473131F6393B}.Release|Any CPU.Build.0 = Release|Any CPU
		{30F56FE1-1654-4213-A51C-4C0278FB43A6}.Debug|Any CPU.ActiveCfg = Debug|Any CPU
		{30F56FE1-1654-4213-A51C-4C0278FB43A6}.Debug|Any CPU.Build.0 = Debug|Any CPU
		{30F56FE1-1654-4213-A51C-4C0278FB43A6}.Release|Any CPU.ActiveCfg = Release|Any CPU
		{30F56FE1-1654-4213-A51C-4C0278FB43A6}.Release|Any CPU.Build.0 = Release|Any CPU
		{55E805A5-404C-4BB9-9AF1-A432443B1424}.Debug|Any CPU.ActiveCfg = Debug|Any CPU
		{55E805A5-404C-4BB9-9AF1-A432443B1424}.Debug|Any CPU.Build.0 = Debug|Any CPU
		{55E805A5-404C-4BB9-9AF1-A432443B1424}.Release|Any CPU.ActiveCfg = Release|Any CPU
		{55E805A5-404C-4BB9-9AF1-A432443B1424}.Release|Any CPU.Build.0 = Release|Any CPU
		{79B2A7C4-348D-4A8E-94D1-BA22FDD5FEED}.Debug|Any CPU.ActiveCfg = Debug|Any CPU
		{79B2A7C4-348D-4A8E-94D1-BA22FDD5FEED}.Debug|Any CPU.Build.0 = Debug|Any CPU
		{79B2A7C4-348D-4A8E-94D1-BA22FDD5FEED}.Release|Any CPU.ActiveCfg = Release|Any CPU
		{79B2A7C4-348D-4A8E-94D1-BA22FDD5FEED}.Release|Any CPU.Build.0 = Release|Any CPU
		{45A65AEB-4BFC-4E47-B181-BBB43BD81283}.Debug|Any CPU.ActiveCfg = Debug|Any CPU
		{45A65AEB-4BFC-4E47-B181-BBB43BD81283}.Debug|Any CPU.Build.0 = Debug|Any CPU
		{45A65AEB-4BFC-4E47-B181-BBB43BD81283}.Release|Any CPU.ActiveCfg = Release|Any CPU
		{45A65AEB-4BFC-4E47-B181-BBB43BD81283}.Release|Any CPU.Build.0 = Release|Any CPU
		{95D40C1C-6A7D-4AB3-8893-3E7B8375D01D}.Debug|Any CPU.ActiveCfg = Debug|Any CPU
		{95D40C1C-6A7D-4AB3-8893-3E7B8375D01D}.Debug|Any CPU.Build.0 = Debug|Any CPU
		{95D40C1C-6A7D-4AB3-8893-3E7B8375D01D}.Release|Any CPU.ActiveCfg = Release|Any CPU
		{95D40C1C-6A7D-4AB3-8893-3E7B8375D01D}.Release|Any CPU.Build.0 = Release|Any CPU
		{06AA6DE3-967A-4F1E-83B1-6DDA1524A638}.Debug|Any CPU.ActiveCfg = Debug|Any CPU
		{06AA6DE3-967A-4F1E-83B1-6DDA1524A638}.Debug|Any CPU.Build.0 = Debug|Any CPU
		{06AA6DE3-967A-4F1E-83B1-6DDA1524A638}.Release|Any CPU.ActiveCfg = Release|Any CPU
		{06AA6DE3-967A-4F1E-83B1-6DDA1524A638}.Release|Any CPU.Build.0 = Release|Any CPU
		{A089D5AA-B539-423C-9331-A30E8147EEF5}.Debug|Any CPU.ActiveCfg = Debug|Any CPU
		{A089D5AA-B539-423C-9331-A30E8147EEF5}.Debug|Any CPU.Build.0 = Debug|Any CPU
		{A089D5AA-B539-423C-9331-A30E8147EEF5}.Release|Any CPU.ActiveCfg = Release|Any CPU
		{A089D5AA-B539-423C-9331-A30E8147EEF5}.Release|Any CPU.Build.0 = Release|Any CPU
		{E43DB288-C6CF-469C-A250-17029A14770E}.Debug|Any CPU.ActiveCfg = Debug|Any CPU
		{E43DB288-C6CF-469C-A250-17029A14770E}.Debug|Any CPU.Build.0 = Debug|Any CPU
		{E43DB288-C6CF-469C-A250-17029A14770E}.Release|Any CPU.ActiveCfg = Release|Any CPU
		{E43DB288-C6CF-469C-A250-17029A14770E}.Release|Any CPU.Build.0 = Release|Any CPU
		{98169FD2-5CEB-46D1-A320-D7E06F82C9E0}.Debug|Any CPU.ActiveCfg = Debug|Any CPU
		{98169FD2-5CEB-46D1-A320-D7E06F82C9E0}.Debug|Any CPU.Build.0 = Debug|Any CPU
		{98169FD2-5CEB-46D1-A320-D7E06F82C9E0}.Release|Any CPU.ActiveCfg = Release|Any CPU
		{98169FD2-5CEB-46D1-A320-D7E06F82C9E0}.Release|Any CPU.Build.0 = Release|Any CPU
		{1B3245A6-1F6D-4C1F-AE53-8781A26A1AC7}.Debug|Any CPU.ActiveCfg = Debug|Any CPU
		{1B3245A6-1F6D-4C1F-AE53-8781A26A1AC7}.Debug|Any CPU.Build.0 = Debug|Any CPU
		{1B3245A6-1F6D-4C1F-AE53-8781A26A1AC7}.Release|Any CPU.ActiveCfg = Release|Any CPU
		{1B3245A6-1F6D-4C1F-AE53-8781A26A1AC7}.Release|Any CPU.Build.0 = Release|Any CPU
		{C4DAFE9D-C79B-4417-9B7D-B7327999DA4C}.Debug|Any CPU.ActiveCfg = Debug|Any CPU
		{C4DAFE9D-C79B-4417-9B7D-B7327999DA4C}.Debug|Any CPU.Build.0 = Debug|Any CPU
		{C4DAFE9D-C79B-4417-9B7D-B7327999DA4C}.Release|Any CPU.ActiveCfg = Release|Any CPU
		{C4DAFE9D-C79B-4417-9B7D-B7327999DA4C}.Release|Any CPU.Build.0 = Release|Any CPU
		{FBFDB717-F81E-4C06-ACF9-A0F3FFDCDE00}.Debug|Any CPU.ActiveCfg = Debug|Any CPU
		{FBFDB717-F81E-4C06-ACF9-A0F3FFDCDE00}.Debug|Any CPU.Build.0 = Debug|Any CPU
		{FBFDB717-F81E-4C06-ACF9-A0F3FFDCDE00}.Release|Any CPU.ActiveCfg = Release|Any CPU
		{FBFDB717-F81E-4C06-ACF9-A0F3FFDCDE00}.Release|Any CPU.Build.0 = Release|Any CPU
		{675CEC0E-3E8A-4970-98EA-9B79277A7252}.Debug|Any CPU.ActiveCfg = Debug|Any CPU
		{675CEC0E-3E8A-4970-98EA-9B79277A7252}.Debug|Any CPU.Build.0 = Debug|Any CPU
		{675CEC0E-3E8A-4970-98EA-9B79277A7252}.Release|Any CPU.ActiveCfg = Release|Any CPU
		{675CEC0E-3E8A-4970-98EA-9B79277A7252}.Release|Any CPU.Build.0 = Release|Any CPU
		{A6DF0D98-428C-4FE2-BA7F-756312122B1E}.Debug|Any CPU.ActiveCfg = Debug|Any CPU
		{A6DF0D98-428C-4FE2-BA7F-756312122B1E}.Debug|Any CPU.Build.0 = Debug|Any CPU
		{A6DF0D98-428C-4FE2-BA7F-756312122B1E}.Release|Any CPU.ActiveCfg = Release|Any CPU
		{A6DF0D98-428C-4FE2-BA7F-756312122B1E}.Release|Any CPU.Build.0 = Release|Any CPU
		{0432AB34-549E-4E36-8C92-6B9991800D67}.Debug|Any CPU.ActiveCfg = Debug|Any CPU
		{0432AB34-549E-4E36-8C92-6B9991800D67}.Debug|Any CPU.Build.0 = Debug|Any CPU
		{0432AB34-549E-4E36-8C92-6B9991800D67}.Release|Any CPU.ActiveCfg = Release|Any CPU
		{0432AB34-549E-4E36-8C92-6B9991800D67}.Release|Any CPU.Build.0 = Release|Any CPU
		{55B6B84B-8D92-4703-B456-04A56FA069D9}.Debug|Any CPU.ActiveCfg = Debug|Any CPU
		{55B6B84B-8D92-4703-B456-04A56FA069D9}.Debug|Any CPU.Build.0 = Debug|Any CPU
		{55B6B84B-8D92-4703-B456-04A56FA069D9}.Release|Any CPU.ActiveCfg = Release|Any CPU
		{55B6B84B-8D92-4703-B456-04A56FA069D9}.Release|Any CPU.Build.0 = Release|Any CPU
		{3090F446-1122-4EF1-B9D9-6ACE724C87DF}.Debug|Any CPU.ActiveCfg = Debug|Any CPU
		{3090F446-1122-4EF1-B9D9-6ACE724C87DF}.Debug|Any CPU.Build.0 = Debug|Any CPU
		{3090F446-1122-4EF1-B9D9-6ACE724C87DF}.Release|Any CPU.ActiveCfg = Release|Any CPU
		{3090F446-1122-4EF1-B9D9-6ACE724C87DF}.Release|Any CPU.Build.0 = Release|Any CPU
		{CCD510BF-1A32-441F-B52B-8A937BF75CE3}.Debug|Any CPU.ActiveCfg = Debug|Any CPU
		{CCD510BF-1A32-441F-B52B-8A937BF75CE3}.Debug|Any CPU.Build.0 = Debug|Any CPU
		{CCD510BF-1A32-441F-B52B-8A937BF75CE3}.Release|Any CPU.ActiveCfg = Release|Any CPU
		{CCD510BF-1A32-441F-B52B-8A937BF75CE3}.Release|Any CPU.Build.0 = Release|Any CPU
		{1BBC97C5-CC9F-4DA2-B166-F507F825DFAA}.Debug|Any CPU.ActiveCfg = Debug|Any CPU
		{1BBC97C5-CC9F-4DA2-B166-F507F825DFAA}.Debug|Any CPU.Build.0 = Debug|Any CPU
		{1BBC97C5-CC9F-4DA2-B166-F507F825DFAA}.Release|Any CPU.ActiveCfg = Release|Any CPU
		{1BBC97C5-CC9F-4DA2-B166-F507F825DFAA}.Release|Any CPU.Build.0 = Release|Any CPU
		{0A6788A8-89E9-4FC4-B4FE-27FE8B39926C}.Debug|Any CPU.ActiveCfg = Debug|Any CPU
		{0A6788A8-89E9-4FC4-B4FE-27FE8B39926C}.Debug|Any CPU.Build.0 = Debug|Any CPU
		{0A6788A8-89E9-4FC4-B4FE-27FE8B39926C}.Release|Any CPU.ActiveCfg = Release|Any CPU
		{0A6788A8-89E9-4FC4-B4FE-27FE8B39926C}.Release|Any CPU.Build.0 = Release|Any CPU
		{EFE40A43-3FA4-4B61-8A7E-78789792F127}.Debug|Any CPU.ActiveCfg = Debug|Any CPU
		{EFE40A43-3FA4-4B61-8A7E-78789792F127}.Debug|Any CPU.Build.0 = Debug|Any CPU
		{EFE40A43-3FA4-4B61-8A7E-78789792F127}.Release|Any CPU.ActiveCfg = Release|Any CPU
		{EFE40A43-3FA4-4B61-8A7E-78789792F127}.Release|Any CPU.Build.0 = Release|Any CPU
		{8D392BEE-E959-4906-A2A7-5EB9E3AE4D00}.Debug|Any CPU.ActiveCfg = Debug|Any CPU
		{8D392BEE-E959-4906-A2A7-5EB9E3AE4D00}.Debug|Any CPU.Build.0 = Debug|Any CPU
		{8D392BEE-E959-4906-A2A7-5EB9E3AE4D00}.Release|Any CPU.ActiveCfg = Release|Any CPU
		{8D392BEE-E959-4906-A2A7-5EB9E3AE4D00}.Release|Any CPU.Build.0 = Release|Any CPU
		{ADAAC4FB-D78B-4FD2-B23A-EA6AF6B0B4A5}.Debug|Any CPU.ActiveCfg = Debug|Any CPU
		{ADAAC4FB-D78B-4FD2-B23A-EA6AF6B0B4A5}.Debug|Any CPU.Build.0 = Debug|Any CPU
		{ADAAC4FB-D78B-4FD2-B23A-EA6AF6B0B4A5}.Release|Any CPU.ActiveCfg = Release|Any CPU
		{ADAAC4FB-D78B-4FD2-B23A-EA6AF6B0B4A5}.Release|Any CPU.Build.0 = Release|Any CPU
		{EB73DB1B-62BD-4258-BA85-D3ACAB7CBE91}.Debug|Any CPU.ActiveCfg = Debug|Any CPU
		{EB73DB1B-62BD-4258-BA85-D3ACAB7CBE91}.Debug|Any CPU.Build.0 = Debug|Any CPU
		{EB73DB1B-62BD-4258-BA85-D3ACAB7CBE91}.Release|Any CPU.ActiveCfg = Release|Any CPU
		{EB73DB1B-62BD-4258-BA85-D3ACAB7CBE91}.Release|Any CPU.Build.0 = Release|Any CPU
		{61368493-5B0E-489B-828C-DE10428AB81A}.Debug|Any CPU.ActiveCfg = Debug|Any CPU
		{61368493-5B0E-489B-828C-DE10428AB81A}.Debug|Any CPU.Build.0 = Debug|Any CPU
		{61368493-5B0E-489B-828C-DE10428AB81A}.Release|Any CPU.ActiveCfg = Release|Any CPU
		{61368493-5B0E-489B-828C-DE10428AB81A}.Release|Any CPU.Build.0 = Release|Any CPU
		{EE552804-30B1-49CF-BBDE-3B312895AFF7}.Debug|Any CPU.ActiveCfg = Debug|Any CPU
		{EE552804-30B1-49CF-BBDE-3B312895AFF7}.Debug|Any CPU.Build.0 = Debug|Any CPU
		{EE552804-30B1-49CF-BBDE-3B312895AFF7}.Release|Any CPU.ActiveCfg = Release|Any CPU
		{EE552804-30B1-49CF-BBDE-3B312895AFF7}.Release|Any CPU.Build.0 = Release|Any CPU
	EndGlobalSection
	GlobalSection(SolutionProperties) = preSolution
		HideSolutionNode = FALSE
	EndGlobalSection
	GlobalSection(ExtensibilityGlobals) = postSolution
		SolutionGuid = {CD7DECEC-F4A0-4EEF-978B-72748414D52A}
	EndGlobalSection
EndGlobal
