
Microsoft Visual Studio Solution File, Format Version 12.00
# Visual Studio Version 17
VisualStudioVersion = 17.2.32630.192
MinimumVisualStudioVersion = 10.0.40219.1
Project("{9A19103F-16F7-4668-BE54-9A1E7A4F7556}") = "BadAnimatorFix", "BadAnimatorFix.csproj", "{36FB9A18-B03E-45F6-9EF5-A276D2FFFC2B}"
EndProject
Global
	GlobalSection(SolutionConfigurationPlatforms) = preSolution
		Debug|Any CPU = Debug|Any CPU
		Release|Any CPU = Release|Any CPU
	EndGlobalSection
	GlobalSection(ProjectConfigurationPlatforms) = postSolution
		{36FB9A18-B03E-45F6-9EF5-A276D2FFFC2B}.Debug|Any CPU.ActiveCfg = Debug|Any CPU
		{36FB9A18-B03E-45F6-9EF5-A276D2FFFC2B}.Debug|Any CPU.Build.0 = Debug|Any CPU
		{36FB9A18-B03E-45F6-9EF5-A276D2FFFC2B}.Release|Any CPU.ActiveCfg = Release|Any CPU
		{36FB9A18-B03E-45F6-9EF5-A276D2FFFC2B}.Release|Any CPU.Build.0 = Release|Any CPU
	EndGlobalSection
	GlobalSection(SolutionProperties) = preSolution
		HideSolutionNode = FALSE
	EndGlobalSection
	GlobalSection(ExtensibilityGlobals) = postSolution
		SolutionGuid = {61C931D9-0377-4934-BF85-FCEB9A40547E}
	EndGlobalSection
EndGlobal
