
Microsoft Visual Studio Solution File, Format Version 12.00
# Visual Studio Version 17
VisualStudioVersion = 17.2.32630.192
MinimumVisualStudioVersion = 10.0.40219.1
Project("{9A19103F-16F7-4668-BE54-9A1E7A4F7556}") = "FuckMetrics", "FuckMetrics.csproj", "{D2625DDC-48EA-4390-8B4C-69D1E4E9C5E5}"
EndProject
Global
	GlobalSection(SolutionConfigurationPlatforms) = preSolution
		Debug|Any CPU = Debug|Any CPU
		Release|Any CPU = Release|Any CPU
	EndGlobalSection
	GlobalSection(ProjectConfigurationPlatforms) = postSolution
		{D2625DDC-48EA-4390-8B4C-69D1E4E9C5E5}.Debug|Any CPU.ActiveCfg = Debug|Any CPU
		{D2625DDC-48EA-4390-8B4C-69D1E4E9C5E5}.Debug|Any CPU.Build.0 = Debug|Any CPU
		{D2625DDC-48EA-4390-8B4C-69D1E4E9C5E5}.Release|Any CPU.ActiveCfg = Release|Any CPU
		{D2625DDC-48EA-4390-8B4C-69D1E4E9C5E5}.Release|Any CPU.Build.0 = Release|Any CPU
	EndGlobalSection
	GlobalSection(SolutionProperties) = preSolution
		HideSolutionNode = FALSE
	EndGlobalSection
	GlobalSection(ExtensibilityGlobals) = postSolution
		SolutionGuid = {CE55D93A-682A-47F4-A971-65132B854210}
	EndGlobalSection
EndGlobal
