
Microsoft Visual Studio Solution File, Format Version 12.00
# Visual Studio Version 17
VisualStudioVersion = 17.2.32630.192
MinimumVisualStudioVersion = 10.0.40219.1
Project("{9A19103F-16F7-4668-BE54-9A1E7A4F7556}") = "PathCamDisabler", "PathCamDisabler.csproj", "{010592B6-9D1E-49D8-B4B2-6D5A6BCF5405}"
EndProject
Global
	GlobalSection(SolutionConfigurationPlatforms) = preSolution
		Debug|Any CPU = Debug|Any CPU
		Release|Any CPU = Release|Any CPU
	EndGlobalSection
	GlobalSection(ProjectConfigurationPlatforms) = postSolution
		{010592B6-9D1E-49D8-B4B2-6D5A6BCF5405}.Debug|Any CPU.ActiveCfg = Debug|Any CPU
		{010592B6-9D1E-49D8-B4B2-6D5A6BCF5405}.Debug|Any CPU.Build.0 = Debug|Any CPU
		{010592B6-9D1E-49D8-B4B2-6D5A6BCF5405}.Release|Any CPU.ActiveCfg = Release|Any CPU
		{010592B6-9D1E-49D8-B4B2-6D5A6BCF5405}.Release|Any CPU.Build.0 = Release|Any CPU
	EndGlobalSection
	GlobalSection(SolutionProperties) = preSolution
		HideSolutionNode = FALSE
	EndGlobalSection
	GlobalSection(ExtensibilityGlobals) = postSolution
		SolutionGuid = {116A47FE-B7C5-4C2A-8437-5D5357FE783F}
	EndGlobalSection
EndGlobal
