
Microsoft Visual Studio Solution File, Format Version 12.00
# Visual Studio Version 17
VisualStudioVersion = 17.2.32630.192
MinimumVisualStudioVersion = 10.0.40219.1
Project("{9A19103F-16F7-4668-BE54-9A1E7A4F7556}") = "AASBufferFix", "AASBufferFix.csproj", "{9C6339E8-657C-4A1F-9324-12BFB2558BBB}"
EndProject
Global
	GlobalSection(SolutionConfigurationPlatforms) = preSolution
		Debug|Any CPU = Debug|Any CPU
		Release|Any CPU = Release|Any CPU
	EndGlobalSection
	GlobalSection(ProjectConfigurationPlatforms) = postSolution
		{9C6339E8-657C-4A1F-9324-12BFB2558BBB}.Debug|Any CPU.ActiveCfg = Debug|Any CPU
		{9C6339E8-657C-4A1F-9324-12BFB2558BBB}.Debug|Any CPU.Build.0 = Debug|Any CPU
		{9C6339E8-657C-4A1F-9324-12BFB2558BBB}.Release|Any CPU.ActiveCfg = Release|Any CPU
		{9C6339E8-657C-4A1F-9324-12BFB2558BBB}.Release|Any CPU.Build.0 = Release|Any CPU
	EndGlobalSection
	GlobalSection(SolutionProperties) = preSolution
		HideSolutionNode = FALSE
	EndGlobalSection
	GlobalSection(ExtensibilityGlobals) = postSolution
		SolutionGuid = {D2EEA814-859D-4EE4-ADC8-DDDD36383310}
	EndGlobalSection
EndGlobal
